
Microsoft Visual Studio Solution File, Format Version 12.00
# Visual Studio Version 17
VisualStudioVersion = 17.0.31903.59
MinimumVisualStudioVersion = 10.0.40219.1
Project("{9A19103F-16F7-4668-BE54-9A1E7A4F7556}") = "BeamKit.Core", "src\BeamKit.Core\BeamKit.Core.csproj", "{3AB6E943-061B-46FF-A21D-587017D33732}"
EndProject
Project("{9A19103F-16F7-4668-BE54-9A1E7A4F7556}") = "BeamKit.Naming", "src\BeamKit.Naming\BeamKit.Naming.csproj", "{AB05DDAF-3DEA-4146-A0E8-D49E89084CD4}"
EndProject
Project("{9A19103F-16F7-4668-BE54-9A1E7A4F7556}") = "BeamKit.Rules", "src\BeamKit.Rules\BeamKit.Rules.csproj", "{4700D827-EE41-4D77-ADFC-68DAC38457F2}"
EndProject
Project("{9A19103F-16F7-4668-BE54-9A1E7A4F7556}") = "BeamKit.Reporting", "src\BeamKit.Reporting\BeamKit.Reporting.csproj", "{F8B8F250-04B0-403A-9664-D23108B16E90}"
EndProject
Project("{9A19103F-16F7-4668-BE54-9A1E7A4F7556}") = "BeamKit.Workflow", "src\BeamKit.Workflow\BeamKit.Workflow.csproj", "{0E1B69AA-9886-4153-B4A1-4C7D354DC323}"
EndProject
Project("{9A19103F-16F7-4668-BE54-9A1E7A4F7556}") = "BeamKit.Samples", "src\BeamKit.Samples\BeamKit.Samples.csproj", "{3C6460F7-BC39-44F9-9ABB-23BC67191F08}"
EndProject
Project("{9A19103F-16F7-4668-BE54-9A1E7A4F7556}") = "BeamKit.Cli", "src\BeamKit.Cli\BeamKit.Cli.csproj", "{3ED2CD75-0D7F-4A1A-A27A-E12525F37D14}"
EndProject
Project("{9A19103F-16F7-4668-BE54-9A1E7A4F7556}") = "BeamKit.Core.Tests", "tests\BeamKit.Core.Tests\BeamKit.Core.Tests.csproj", "{F209F916-D8A3-461B-BD87-78CBF32AB288}"
EndProject
Project("{9A19103F-16F7-4668-BE54-9A1E7A4F7556}") = "BeamKit.Rules.Tests", "tests\BeamKit.Rules.Tests\BeamKit.Rules.Tests.csproj", "{E0CA3F0D-E18E-46D1-98EE-EE1F9088AB9E}"
EndProject
Project("{9A19103F-16F7-4668-BE54-9A1E7A4F7556}") = "BeamKit.Reporting.Tests", "tests\BeamKit.Reporting.Tests\BeamKit.Reporting.Tests.csproj", "{BF3877FF-4FE0-44E7-BE90-A59B76F19C7F}"
EndProject
Project("{9A19103F-16F7-4668-BE54-9A1E7A4F7556}") = "BeamKit.Workflow.Tests", "tests\BeamKit.Workflow.Tests\BeamKit.Workflow.Tests.csproj", "{2A15665A-66F1-4899-92C7-757E4F9B907A}"
EndProject
Project("{9A19103F-16F7-4668-BE54-9A1E7A4F7556}") = "BeamKit.Naming.Tests", "tests\BeamKit.Naming.Tests\BeamKit.Naming.Tests.csproj", "{4D198E57-5C9E-4D8B-B940-DB7BC7F72AE8}"
EndProject
Project("{2150E333-8FDC-42A3-9474-1A3956D46DE8}") = "src", "src", "{827E0CD3-B72D-47B6-A68D-7590B98EB39B}"
EndProject
Project("{FAE04EC0-301F-11D3-BF4B-00C04F79EFBC}") = "BeamKit.Templates", "src\BeamKit.Templates\BeamKit.Templates.csproj", "{322C6B1D-251E-4D6F-9623-5A163576DA11}"
EndProject
Project("{FAE04EC0-301F-11D3-BF4B-00C04F79EFBC}") = "BeamKit.Qa", "src\BeamKit.Qa\BeamKit.Qa.csproj", "{31A12203-83A5-48D6-AD40-2AEFEA4757C9}"
EndProject
Project("{FAE04EC0-301F-11D3-BF4B-00C04F79EFBC}") = "BeamKit.Dvh", "src\BeamKit.Dvh\BeamKit.Dvh.csproj", "{AE378207-73B5-4898-9FE0-602CB428885D}"
EndProject
Project("{FAE04EC0-301F-11D3-BF4B-00C04F79EFBC}") = "BeamKit.Dicom", "src\BeamKit.Dicom\BeamKit.Dicom.csproj", "{5C7DECEB-E3D9-4570-A910-5BF379ADC777}"
EndProject
Project("{FAE04EC0-301F-11D3-BF4B-00C04F79EFBC}") = "BeamKit.Esapi", "src\BeamKit.Esapi\BeamKit.Esapi.csproj", "{6F33D3F1-2A03-4A7D-B923-495B9B906CE2}"
EndProject
Project("{2150E333-8FDC-42A3-9474-1A3956D46DE8}") = "tests", "tests", "{0AB3BF05-4346-4AA6-1389-037BE0695223}"
EndProject
Project("{FAE04EC0-301F-11D3-BF4B-00C04F79EFBC}") = "BeamKit.Templates.Tests", "tests\BeamKit.Templates.Tests\BeamKit.Templates.Tests.csproj", "{E6370A57-3409-4438-9EC0-01A5241E15AE}"
EndProject
Project("{FAE04EC0-301F-11D3-BF4B-00C04F79EFBC}") = "BeamKit.Qa.Tests", "tests\BeamKit.Qa.Tests\BeamKit.Qa.Tests.csproj", "{17B5CA17-87CB-4768-B736-A069367A94D0}"
EndProject
Project("{FAE04EC0-301F-11D3-BF4B-00C04F79EFBC}") = "BeamKit.Dvh.Tests", "tests\BeamKit.Dvh.Tests\BeamKit.Dvh.Tests.csproj", "{38CE5DCC-1379-4713-8E5E-EEE84D91505C}"
EndProject
Project("{FAE04EC0-301F-11D3-BF4B-00C04F79EFBC}") = "BeamKit.Dicom.Tests", "tests\BeamKit.Dicom.Tests\BeamKit.Dicom.Tests.csproj", "{99F189C9-890B-45A6-94BD-09AF4C9A6CBE}"
EndProject
Project("{FAE04EC0-301F-11D3-BF4B-00C04F79EFBC}") = "BeamKit.Esapi.Tests", "tests\BeamKit.Esapi.Tests\BeamKit.Esapi.Tests.csproj", "{13BA268F-6878-4157-89A2-8AD3DF190BBD}"
EndProject
Global
	GlobalSection(SolutionConfigurationPlatforms) = preSolution
		Debug|Any CPU = Debug|Any CPU
		Debug|x64 = Debug|x64
		Debug|x86 = Debug|x86
		Release|Any CPU = Release|Any CPU
		Release|x64 = Release|x64
		Release|x86 = Release|x86
	EndGlobalSection
	GlobalSection(ProjectConfigurationPlatforms) = postSolution
		{3AB6E943-061B-46FF-A21D-587017D33732}.Debug|Any CPU.ActiveCfg = Debug|Any CPU
		{3AB6E943-061B-46FF-A21D-587017D33732}.Debug|Any CPU.Build.0 = Debug|Any CPU
		{3AB6E943-061B-46FF-A21D-587017D33732}.Debug|x64.ActiveCfg = Debug|Any CPU
		{3AB6E943-061B-46FF-A21D-587017D33732}.Debug|x64.Build.0 = Debug|Any CPU
		{3AB6E943-061B-46FF-A21D-587017D33732}.Debug|x86.ActiveCfg = Debug|Any CPU
		{3AB6E943-061B-46FF-A21D-587017D33732}.Debug|x86.Build.0 = Debug|Any CPU
		{3AB6E943-061B-46FF-A21D-587017D33732}.Release|Any CPU.ActiveCfg = Release|Any CPU
		{3AB6E943-061B-46FF-A21D-587017D33732}.Release|Any CPU.Build.0 = Release|Any CPU
		{3AB6E943-061B-46FF-A21D-587017D33732}.Release|x64.ActiveCfg = Release|Any CPU
		{3AB6E943-061B-46FF-A21D-587017D33732}.Release|x64.Build.0 = Release|Any CPU
		{3AB6E943-061B-46FF-A21D-587017D33732}.Release|x86.ActiveCfg = Release|Any CPU
		{3AB6E943-061B-46FF-A21D-587017D33732}.Release|x86.Build.0 = Release|Any CPU
		{AB05DDAF-3DEA-4146-A0E8-D49E89084CD4}.Debug|Any CPU.ActiveCfg = Debug|Any CPU
		{AB05DDAF-3DEA-4146-A0E8-D49E89084CD4}.Debug|Any CPU.Build.0 = Debug|Any CPU
		{AB05DDAF-3DEA-4146-A0E8-D49E89084CD4}.Debug|x64.ActiveCfg = Debug|Any CPU
		{AB05DDAF-3DEA-4146-A0E8-D49E89084CD4}.Debug|x64.Build.0 = Debug|Any CPU
		{AB05DDAF-3DEA-4146-A0E8-D49E89084CD4}.Debug|x86.ActiveCfg = Debug|Any CPU
		{AB05DDAF-3DEA-4146-A0E8-D49E89084CD4}.Debug|x86.Build.0 = Debug|Any CPU
		{AB05DDAF-3DEA-4146-A0E8-D49E89084CD4}.Release|Any CPU.ActiveCfg = Release|Any CPU
		{AB05DDAF-3DEA-4146-A0E8-D49E89084CD4}.Release|Any CPU.Build.0 = Release|Any CPU
		{AB05DDAF-3DEA-4146-A0E8-D49E89084CD4}.Release|x64.ActiveCfg = Release|Any CPU
		{AB05DDAF-3DEA-4146-A0E8-D49E89084CD4}.Release|x64.Build.0 = Release|Any CPU
		{AB05DDAF-3DEA-4146-A0E8-D49E89084CD4}.Release|x86.ActiveCfg = Release|Any CPU
		{AB05DDAF-3DEA-4146-A0E8-D49E89084CD4}.Release|x86.Build.0 = Release|Any CPU
		{4700D827-EE41-4D77-ADFC-68DAC38457F2}.Debug|Any CPU.ActiveCfg = Debug|Any CPU
		{4700D827-EE41-4D77-ADFC-68DAC38457F2}.Debug|Any CPU.Build.0 = Debug|Any CPU
		{4700D827-EE41-4D77-ADFC-68DAC38457F2}.Debug|x64.ActiveCfg = Debug|Any CPU
		{4700D827-EE41-4D77-ADFC-68DAC38457F2}.Debug|x64.Build.0 = Debug|Any CPU
		{4700D827-EE41-4D77-ADFC-68DAC38457F2}.Debug|x86.ActiveCfg = Debug|Any CPU
		{4700D827-EE41-4D77-ADFC-68DAC38457F2}.Debug|x86.Build.0 = Debug|Any CPU
		{4700D827-EE41-4D77-ADFC-68DAC38457F2}.Release|Any CPU.ActiveCfg = Release|Any CPU
		{4700D827-EE41-4D77-ADFC-68DAC38457F2}.Release|Any CPU.Build.0 = Release|Any CPU
		{4700D827-EE41-4D77-ADFC-68DAC38457F2}.Release|x64.ActiveCfg = Release|Any CPU
		{4700D827-EE41-4D77-ADFC-68DAC38457F2}.Release|x64.Build.0 = Release|Any CPU
		{4700D827-EE41-4D77-ADFC-68DAC38457F2}.Release|x86.ActiveCfg = Release|Any CPU
		{4700D827-EE41-4D77-ADFC-68DAC38457F2}.Release|x86.Build.0 = Release|Any CPU
		{F8B8F250-04B0-403A-9664-D23108B16E90}.Debug|Any CPU.ActiveCfg = Debug|Any CPU
		{F8B8F250-04B0-403A-9664-D23108B16E90}.Debug|Any CPU.Build.0 = Debug|Any CPU
		{F8B8F250-04B0-403A-9664-D23108B16E90}.Debug|x64.ActiveCfg = Debug|Any CPU
		{F8B8F250-04B0-403A-9664-D23108B16E90}.Debug|x64.Build.0 = Debug|Any CPU
		{F8B8F250-04B0-403A-9664-D23108B16E90}.Debug|x86.ActiveCfg = Debug|Any CPU
		{F8B8F250-04B0-403A-9664-D23108B16E90}.Debug|x86.Build.0 = Debug|Any CPU
		{F8B8F250-04B0-403A-9664-D23108B16E90}.Release|Any CPU.ActiveCfg = Release|Any CPU
		{F8B8F250-04B0-403A-9664-D23108B16E90}.Release|Any CPU.Build.0 = Release|Any CPU
		{F8B8F250-04B0-403A-9664-D23108B16E90}.Release|x64.ActiveCfg = Release|Any CPU
		{F8B8F250-04B0-403A-9664-D23108B16E90}.Release|x64.Build.0 = Release|Any CPU
		{F8B8F250-04B0-403A-9664-D23108B16E90}.Release|x86.ActiveCfg = Release|Any CPU
		{F8B8F250-04B0-403A-9664-D23108B16E90}.Release|x86.Build.0 = Release|Any CPU
		{0E1B69AA-9886-4153-B4A1-4C7D354DC323}.Debug|Any CPU.ActiveCfg = Debug|Any CPU
		{0E1B69AA-9886-4153-B4A1-4C7D354DC323}.Debug|Any CPU.Build.0 = Debug|Any CPU
		{0E1B69AA-9886-4153-B4A1-4C7D354DC323}.Debug|x64.ActiveCfg = Debug|Any CPU
		{0E1B69AA-9886-4153-B4A1-4C7D354DC323}.Debug|x64.Build.0 = Debug|Any CPU
		{0E1B69AA-9886-4153-B4A1-4C7D354DC323}.Debug|x86.ActiveCfg = Debug|Any CPU
		{0E1B69AA-9886-4153-B4A1-4C7D354DC323}.Debug|x86.Build.0 = Debug|Any CPU
		{0E1B69AA-9886-4153-B4A1-4C7D354DC323}.Release|Any CPU.ActiveCfg = Release|Any CPU
		{0E1B69AA-9886-4153-B4A1-4C7D354DC323}.Release|Any CPU.Build.0 = Release|Any CPU
		{0E1B69AA-9886-4153-B4A1-4C7D354DC323}.Release|x64.ActiveCfg = Release|Any CPU
		{0E1B69AA-9886-4153-B4A1-4C7D354DC323}.Release|x64.Build.0 = Release|Any CPU
		{0E1B69AA-9886-4153-B4A1-4C7D354DC323}.Release|x86.ActiveCfg = Release|Any CPU
		{0E1B69AA-9886-4153-B4A1-4C7D354DC323}.Release|x86.Build.0 = Release|Any CPU
		{3C6460F7-BC39-44F9-9ABB-23BC67191F08}.Debug|Any CPU.ActiveCfg = Debug|Any CPU
		{3C6460F7-BC39-44F9-9ABB-23BC67191F08}.Debug|Any CPU.Build.0 = Debug|Any CPU
		{3C6460F7-BC39-44F9-9ABB-23BC67191F08}.Debug|x64.ActiveCfg = Debug|Any CPU
		{3C6460F7-BC39-44F9-9ABB-23BC67191F08}.Debug|x64.Build.0 = Debug|Any CPU
		{3C6460F7-BC39-44F9-9ABB-23BC67191F08}.Debug|x86.ActiveCfg = Debug|Any CPU
		{3C6460F7-BC39-44F9-9ABB-23BC67191F08}.Debug|x86.Build.0 = Debug|Any CPU
		{3C6460F7-BC39-44F9-9ABB-23BC67191F08}.Release|Any CPU.ActiveCfg = Release|Any CPU
		{3C6460F7-BC39-44F9-9ABB-23BC67191F08}.Release|Any CPU.Build.0 = Release|Any CPU
		{3C6460F7-BC39-44F9-9ABB-23BC67191F08}.Release|x64.ActiveCfg = Release|Any CPU
		{3C6460F7-BC39-44F9-9ABB-23BC67191F08}.Release|x64.Build.0 = Release|Any CPU
		{3C6460F7-BC39-44F9-9ABB-23BC67191F08}.Release|x86.ActiveCfg = Release|Any CPU
		{3C6460F7-BC39-44F9-9ABB-23BC67191F08}.Release|x86.Build.0 = Release|Any CPU
		{3ED2CD75-0D7F-4A1A-A27A-E12525F37D14}.Debug|Any CPU.ActiveCfg = Debug|Any CPU
		{3ED2CD75-0D7F-4A1A-A27A-E12525F37D14}.Debug|Any CPU.Build.0 = Debug|Any CPU
		{3ED2CD75-0D7F-4A1A-A27A-E12525F37D14}.Debug|x64.ActiveCfg = Debug|Any CPU
		{3ED2CD75-0D7F-4A1A-A27A-E12525F37D14}.Debug|x64.Build.0 = Debug|Any CPU
		{3ED2CD75-0D7F-4A1A-A27A-E12525F37D14}.Debug|x86.ActiveCfg = Debug|Any CPU
		{3ED2CD75-0D7F-4A1A-A27A-E12525F37D14}.Debug|x86.Build.0 = Debug|Any CPU
		{3ED2CD75-0D7F-4A1A-A27A-E12525F37D14}.Release|Any CPU.ActiveCfg = Release|Any CPU
		{3ED2CD75-0D7F-4A1A-A27A-E12525F37D14}.Release|Any CPU.Build.0 = Release|Any CPU
		{3ED2CD75-0D7F-4A1A-A27A-E12525F37D14}.Release|x64.ActiveCfg = Release|Any CPU
		{3ED2CD75-0D7F-4A1A-A27A-E12525F37D14}.Release|x64.Build.0 = Release|Any CPU
		{3ED2CD75-0D7F-4A1A-A27A-E12525F37D14}.Release|x86.ActiveCfg = Release|Any CPU
		{3ED2CD75-0D7F-4A1A-A27A-E12525F37D14}.Release|x86.Build.0 = Release|Any CPU
		{F209F916-D8A3-461B-BD87-78CBF32AB288}.Debug|Any CPU.ActiveCfg = Debug|Any CPU
		{F209F916-D8A3-461B-BD87-78CBF32AB288}.Debug|Any CPU.Build.0 = Debug|Any CPU
		{F209F916-D8A3-461B-BD87-78CBF32AB288}.Debug|x64.ActiveCfg = Debug|Any CPU
		{F209F916-D8A3-461B-BD87-78CBF32AB288}.Debug|x64.Build.0 = Debug|Any CPU
		{F209F916-D8A3-461B-BD87-78CBF32AB288}.Debug|x86.ActiveCfg = Debug|Any CPU
		{F209F916-D8A3-461B-BD87-78CBF32AB288}.Debug|x86.Build.0 = Debug|Any CPU
		{F209F916-D8A3-461B-BD87-78CBF32AB288}.Release|Any CPU.ActiveCfg = Release|Any CPU
		{F209F916-D8A3-461B-BD87-78CBF32AB288}.Release|Any CPU.Build.0 = Release|Any CPU
		{F209F916-D8A3-461B-BD87-78CBF32AB288}.Release|x64.ActiveCfg = Release|Any CPU
		{F209F916-D8A3-461B-BD87-78CBF32AB288}.Release|x64.Build.0 = Release|Any CPU
		{F209F916-D8A3-461B-BD87-78CBF32AB288}.Release|x86.ActiveCfg = Release|Any CPU
		{F209F916-D8A3-461B-BD87-78CBF32AB288}.Release|x86.Build.0 = Release|Any CPU
		{E0CA3F0D-E18E-46D1-98EE-EE1F9088AB9E}.Debug|Any CPU.ActiveCfg = Debug|Any CPU
		{E0CA3F0D-E18E-46D1-98EE-EE1F9088AB9E}.Debug|Any CPU.Build.0 = Debug|Any CPU
		{E0CA3F0D-E18E-46D1-98EE-EE1F9088AB9E}.Debug|x64.ActiveCfg = Debug|Any CPU
		{E0CA3F0D-E18E-46D1-98EE-EE1F9088AB9E}.Debug|x64.Build.0 = Debug|Any CPU
		{E0CA3F0D-E18E-46D1-98EE-EE1F9088AB9E}.Debug|x86.ActiveCfg = Debug|Any CPU
		{E0CA3F0D-E18E-46D1-98EE-EE1F9088AB9E}.Debug|x86.Build.0 = Debug|Any CPU
		{E0CA3F0D-E18E-46D1-98EE-EE1F9088AB9E}.Release|Any CPU.ActiveCfg = Release|Any CPU
		{E0CA3F0D-E18E-46D1-98EE-EE1F9088AB9E}.Release|Any CPU.Build.0 = Release|Any CPU
		{E0CA3F0D-E18E-46D1-98EE-EE1F9088AB9E}.Release|x64.ActiveCfg = Release|Any CPU
		{E0CA3F0D-E18E-46D1-98EE-EE1F9088AB9E}.Release|x64.Build.0 = Release|Any CPU
		{E0CA3F0D-E18E-46D1-98EE-EE1F9088AB9E}.Release|x86.ActiveCfg = Release|Any CPU
		{E0CA3F0D-E18E-46D1-98EE-EE1F9088AB9E}.Release|x86.Build.0 = Release|Any CPU
		{BF3877FF-4FE0-44E7-BE90-A59B76F19C7F}.Debug|Any CPU.ActiveCfg = Debug|Any CPU
		{BF3877FF-4FE0-44E7-BE90-A59B76F19C7F}.Debug|Any CPU.Build.0 = Debug|Any CPU
		{BF3877FF-4FE0-44E7-BE90-A59B76F19C7F}.Debug|x64.ActiveCfg = Debug|Any CPU
		{BF3877FF-4FE0-44E7-BE90-A59B76F19C7F}.Debug|x64.Build.0 = Debug|Any CPU
		{BF3877FF-4FE0-44E7-BE90-A59B76F19C7F}.Debug|x86.ActiveCfg = Debug|Any CPU
		{BF3877FF-4FE0-44E7-BE90-A59B76F19C7F}.Debug|x86.Build.0 = Debug|Any CPU
		{BF3877FF-4FE0-44E7-BE90-A59B76F19C7F}.Release|Any CPU.ActiveCfg = Release|Any CPU
		{BF3877FF-4FE0-44E7-BE90-A59B76F19C7F}.Release|Any CPU.Build.0 = Release|Any CPU
		{BF3877FF-4FE0-44E7-BE90-A59B76F19C7F}.Release|x64.ActiveCfg = Release|Any CPU
		{BF3877FF-4FE0-44E7-BE90-A59B76F19C7F}.Release|x64.Build.0 = Release|Any CPU
		{BF3877FF-4FE0-44E7-BE90-A59B76F19C7F}.Release|x86.ActiveCfg = Release|Any CPU
		{BF3877FF-4FE0-44E7-BE90-A59B76F19C7F}.Release|x86.Build.0 = Release|Any CPU
		{2A15665A-66F1-4899-92C7-757E4F9B907A}.Debug|Any CPU.ActiveCfg = Debug|Any CPU
		{2A15665A-66F1-4899-92C7-757E4F9B907A}.Debug|Any CPU.Build.0 = Debug|Any CPU
		{2A15665A-66F1-4899-92C7-757E4F9B907A}.Debug|x64.ActiveCfg = Debug|Any CPU
		{2A15665A-66F1-4899-92C7-757E4F9B907A}.Debug|x64.Build.0 = Debug|Any CPU
		{2A15665A-66F1-4899-92C7-757E4F9B907A}.Debug|x86.ActiveCfg = Debug|Any CPU
		{2A15665A-66F1-4899-92C7-757E4F9B907A}.Debug|x86.Build.0 = Debug|Any CPU
		{2A15665A-66F1-4899-92C7-757E4F9B907A}.Release|Any CPU.ActiveCfg = Release|Any CPU
		{2A15665A-66F1-4899-92C7-757E4F9B907A}.Release|Any CPU.Build.0 = Release|Any CPU
		{2A15665A-66F1-4899-92C7-757E4F9B907A}.Release|x64.ActiveCfg = Release|Any CPU
		{2A15665A-66F1-4899-92C7-757E4F9B907A}.Release|x64.Build.0 = Release|Any CPU
		{2A15665A-66F1-4899-92C7-757E4F9B907A}.Release|x86.ActiveCfg = Release|Any CPU
		{2A15665A-66F1-4899-92C7-757E4F9B907A}.Release|x86.Build.0 = Release|Any CPU
		{4D198E57-5C9E-4D8B-B940-DB7BC7F72AE8}.Debug|Any CPU.ActiveCfg = Debug|Any CPU
		{4D198E57-5C9E-4D8B-B940-DB7BC7F72AE8}.Debug|Any CPU.Build.0 = Debug|Any CPU
		{4D198E57-5C9E-4D8B-B940-DB7BC7F72AE8}.Debug|x64.ActiveCfg = Debug|Any CPU
		{4D198E57-5C9E-4D8B-B940-DB7BC7F72AE8}.Debug|x64.Build.0 = Debug|Any CPU
		{4D198E57-5C9E-4D8B-B940-DB7BC7F72AE8}.Debug|x86.ActiveCfg = Debug|Any CPU
		{4D198E57-5C9E-4D8B-B940-DB7BC7F72AE8}.Debug|x86.Build.0 = Debug|Any CPU
		{4D198E57-5C9E-4D8B-B940-DB7BC7F72AE8}.Release|Any CPU.ActiveCfg = Release|Any CPU
		{4D198E57-5C9E-4D8B-B940-DB7BC7F72AE8}.Release|Any CPU.Build.0 = Release|Any CPU
		{4D198E57-5C9E-4D8B-B940-DB7BC7F72AE8}.Release|x64.ActiveCfg = Release|Any CPU
		{4D198E57-5C9E-4D8B-B940-DB7BC7F72AE8}.Release|x64.Build.0 = Release|Any CPU
		{4D198E57-5C9E-4D8B-B940-DB7BC7F72AE8}.Release|x86.ActiveCfg = Release|Any CPU
		{4D198E57-5C9E-4D8B-B940-DB7BC7F72AE8}.Release|x86.Build.0 = Release|Any CPU
		{322C6B1D-251E-4D6F-9623-5A163576DA11}.Debug|Any CPU.ActiveCfg = Debug|Any CPU
		{322C6B1D-251E-4D6F-9623-5A163576DA11}.Debug|Any CPU.Build.0 = Debug|Any CPU
		{322C6B1D-251E-4D6F-9623-5A163576DA11}.Debug|x64.ActiveCfg = Debug|Any CPU
		{322C6B1D-251E-4D6F-9623-5A163576DA11}.Debug|x64.Build.0 = Debug|Any CPU
		{322C6B1D-251E-4D6F-9623-5A163576DA11}.Debug|x86.ActiveCfg = Debug|Any CPU
		{322C6B1D-251E-4D6F-9623-5A163576DA11}.Debug|x86.Build.0 = Debug|Any CPU
		{322C6B1D-251E-4D6F-9623-5A163576DA11}.Release|Any CPU.ActiveCfg = Release|Any CPU
		{322C6B1D-251E-4D6F-9623-5A163576DA11}.Release|Any CPU.Build.0 = Release|Any CPU
		{322C6B1D-251E-4D6F-9623-5A163576DA11}.Release|x64.ActiveCfg = Release|Any CPU
		{322C6B1D-251E-4D6F-9623-5A163576DA11}.Release|x64.Build.0 = Release|Any CPU
		{322C6B1D-251E-4D6F-9623-5A163576DA11}.Release|x86.ActiveCfg = Release|Any CPU
		{322C6B1D-251E-4D6F-9623-5A163576DA11}.Release|x86.Build.0 = Release|Any CPU
		{31A12203-83A5-48D6-AD40-2AEFEA4757C9}.Debug|Any CPU.ActiveCfg = Debug|Any CPU
		{31A12203-83A5-48D6-AD40-2AEFEA4757C9}.Debug|Any CPU.Build.0 = Debug|Any CPU
		{31A12203-83A5-48D6-AD40-2AEFEA4757C9}.Debug|x64.ActiveCfg = Debug|Any CPU
		{31A12203-83A5-48D6-AD40-2AEFEA4757C9}.Debug|x64.Build.0 = Debug|Any CPU
		{31A12203-83A5-48D6-AD40-2AEFEA4757C9}.Debug|x86.ActiveCfg = Debug|Any CPU
		{31A12203-83A5-48D6-AD40-2AEFEA4757C9}.Debug|x86.Build.0 = Debug|Any CPU
		{31A12203-83A5-48D6-AD40-2AEFEA4757C9}.Release|Any CPU.ActiveCfg = Release|Any CPU
		{31A12203-83A5-48D6-AD40-2AEFEA4757C9}.Release|Any CPU.Build.0 = Release|Any CPU
		{31A12203-83A5-48D6-AD40-2AEFEA4757C9}.Release|x64.ActiveCfg = Release|Any CPU
		{31A12203-83A5-48D6-AD40-2AEFEA4757C9}.Release|x64.Build.0 = Release|Any CPU
		{31A12203-83A5-48D6-AD40-2AEFEA4757C9}.Release|x86.ActiveCfg = Release|Any CPU
		{31A12203-83A5-48D6-AD40-2AEFEA4757C9}.Release|x86.Build.0 = Release|Any CPU
		{AE378207-73B5-4898-9FE0-602CB428885D}.Debug|Any CPU.ActiveCfg = Debug|Any CPU
		{AE378207-73B5-4898-9FE0-602CB428885D}.Debug|Any CPU.Build.0 = Debug|Any CPU
		{AE378207-73B5-4898-9FE0-602CB428885D}.Debug|x64.ActiveCfg = Debug|Any CPU
		{AE378207-73B5-4898-9FE0-602CB428885D}.Debug|x64.Build.0 = Debug|Any CPU
		{AE378207-73B5-4898-9FE0-602CB428885D}.Debug|x86.ActiveCfg = Debug|Any CPU
		{AE378207-73B5-4898-9FE0-602CB428885D}.Debug|x86.Build.0 = Debug|Any CPU
		{AE378207-73B5-4898-9FE0-602CB428885D}.Release|Any CPU.ActiveCfg = Release|Any CPU
		{AE378207-73B5-4898-9FE0-602CB428885D}.Release|Any CPU.Build.0 = Release|Any CPU
		{AE378207-73B5-4898-9FE0-602CB428885D}.Release|x64.ActiveCfg = Release|Any CPU
		{AE378207-73B5-4898-9FE0-602CB428885D}.Release|x64.Build.0 = Release|Any CPU
		{AE378207-73B5-4898-9FE0-602CB428885D}.Release|x86.ActiveCfg = Release|Any CPU
		{AE378207-73B5-4898-9FE0-602CB428885D}.Release|x86.Build.0 = Release|Any CPU
		{5C7DECEB-E3D9-4570-A910-5BF379ADC777}.Debug|Any CPU.ActiveCfg = Debug|Any CPU
		{5C7DECEB-E3D9-4570-A910-5BF379ADC777}.Debug|Any CPU.Build.0 = Debug|Any CPU
		{5C7DECEB-E3D9-4570-A910-5BF379ADC777}.Debug|x64.ActiveCfg = Debug|Any CPU
		{5C7DECEB-E3D9-4570-A910-5BF379ADC777}.Debug|x64.Build.0 = Debug|Any CPU
		{5C7DECEB-E3D9-4570-A910-5BF379ADC777}.Debug|x86.ActiveCfg = Debug|Any CPU
		{5C7DECEB-E3D9-4570-A910-5BF379ADC777}.Debug|x86.Build.0 = Debug|Any CPU
		{5C7DECEB-E3D9-4570-A910-5BF379ADC777}.Release|Any CPU.ActiveCfg = Release|Any CPU
		{5C7DECEB-E3D9-4570-A910-5BF379ADC777}.Release|Any CPU.Build.0 = Release|Any CPU
		{5C7DECEB-E3D9-4570-A910-5BF379ADC777}.Release|x64.ActiveCfg = Release|Any CPU
		{5C7DECEB-E3D9-4570-A910-5BF379ADC777}.Release|x64.Build.0 = Release|Any CPU
		{5C7DECEB-E3D9-4570-A910-5BF379ADC777}.Release|x86.ActiveCfg = Release|Any CPU
		{5C7DECEB-E3D9-4570-A910-5BF379ADC777}.Release|x86.Build.0 = Release|Any CPU
		{6F33D3F1-2A03-4A7D-B923-495B9B906CE2}.Debug|Any CPU.ActiveCfg = Debug|Any CPU
		{6F33D3F1-2A03-4A7D-B923-495B9B906CE2}.Debug|Any CPU.Build.0 = Debug|Any CPU
		{6F33D3F1-2A03-4A7D-B923-495B9B906CE2}.Debug|x64.ActiveCfg = Debug|Any CPU
		{6F33D3F1-2A03-4A7D-B923-495B9B906CE2}.Debug|x64.Build.0 = Debug|Any CPU
		{6F33D3F1-2A03-4A7D-B923-495B9B906CE2}.Debug|x86.ActiveCfg = Debug|Any CPU
		{6F33D3F1-2A03-4A7D-B923-495B9B906CE2}.Debug|x86.Build.0 = Debug|Any CPU
		{6F33D3F1-2A03-4A7D-B923-495B9B906CE2}.Release|Any CPU.ActiveCfg = Release|Any CPU
		{6F33D3F1-2A03-4A7D-B923-495B9B906CE2}.Release|Any CPU.Build.0 = Release|Any CPU
		{6F33D3F1-2A03-4A7D-B923-495B9B906CE2}.Release|x64.ActiveCfg = Release|Any CPU
		{6F33D3F1-2A03-4A7D-B923-495B9B906CE2}.Release|x64.Build.0 = Release|Any CPU
		{6F33D3F1-2A03-4A7D-B923-495B9B906CE2}.Release|x86.ActiveCfg = Release|Any CPU
		{6F33D3F1-2A03-4A7D-B923-495B9B906CE2}.Release|x86.Build.0 = Release|Any CPU
		{E6370A57-3409-4438-9EC0-01A5241E15AE}.Debug|Any CPU.ActiveCfg = Debug|Any CPU
		{E6370A57-3409-4438-9EC0-01A5241E15AE}.Debug|Any CPU.Build.0 = Debug|Any CPU
		{E6370A57-3409-4438-9EC0-01A5241E15AE}.Debug|x64.ActiveCfg = Debug|Any CPU
		{E6370A57-3409-4438-9EC0-01A5241E15AE}.Debug|x64.Build.0 = Debug|Any CPU
		{E6370A57-3409-4438-9EC0-01A5241E15AE}.Debug|x86.ActiveCfg = Debug|Any CPU
		{E6370A57-3409-4438-9EC0-01A5241E15AE}.Debug|x86.Build.0 = Debug|Any CPU
		{E6370A57-3409-4438-9EC0-01A5241E15AE}.Release|Any CPU.ActiveCfg = Release|Any CPU
		{E6370A57-3409-4438-9EC0-01A5241E15AE}.Release|Any CPU.Build.0 = Release|Any CPU
		{E6370A57-3409-4438-9EC0-01A5241E15AE}.Release|x64.ActiveCfg = Release|Any CPU
		{E6370A57-3409-4438-9EC0-01A5241E15AE}.Release|x64.Build.0 = Release|Any CPU
		{E6370A57-3409-4438-9EC0-01A5241E15AE}.Release|x86.ActiveCfg = Release|Any CPU
		{E6370A57-3409-4438-9EC0-01A5241E15AE}.Release|x86.Build.0 = Release|Any CPU
		{17B5CA17-87CB-4768-B736-A069367A94D0}.Debug|Any CPU.ActiveCfg = Debug|Any CPU
		{17B5CA17-87CB-4768-B736-A069367A94D0}.Debug|Any CPU.Build.0 = Debug|Any CPU
		{17B5CA17-87CB-4768-B736-A069367A94D0}.Debug|x64.ActiveCfg = Debug|Any CPU
		{17B5CA17-87CB-4768-B736-A069367A94D0}.Debug|x64.Build.0 = Debug|Any CPU
		{17B5CA17-87CB-4768-B736-A069367A94D0}.Debug|x86.ActiveCfg = Debug|Any CPU
		{17B5CA17-87CB-4768-B736-A069367A94D0}.Debug|x86.Build.0 = Debug|Any CPU
		{17B5CA17-87CB-4768-B736-A069367A94D0}.Release|Any CPU.ActiveCfg = Release|Any CPU
		{17B5CA17-87CB-4768-B736-A069367A94D0}.Release|Any CPU.Build.0 = Release|Any CPU
		{17B5CA17-87CB-4768-B736-A069367A94D0}.Release|x64.ActiveCfg = Release|Any CPU
		{17B5CA17-87CB-4768-B736-A069367A94D0}.Release|x64.Build.0 = Release|Any CPU
		{17B5CA17-87CB-4768-B736-A069367A94D0}.Release|x86.ActiveCfg = Release|Any CPU
		{17B5CA17-87CB-4768-B736-A069367A94D0}.Release|x86.Build.0 = Release|Any CPU
		{38CE5DCC-1379-4713-8E5E-EEE84D91505C}.Debug|Any CPU.ActiveCfg = Debug|Any CPU
		{38CE5DCC-1379-4713-8E5E-EEE84D91505C}.Debug|Any CPU.Build.0 = Debug|Any CPU
		{38CE5DCC-1379-4713-8E5E-EEE84D91505C}.Debug|x64.ActiveCfg = Debug|Any CPU
		{38CE5DCC-1379-4713-8E5E-EEE84D91505C}.Debug|x64.Build.0 = Debug|Any CPU
		{38CE5DCC-1379-4713-8E5E-EEE84D91505C}.Debug|x86.ActiveCfg = Debug|Any CPU
		{38CE5DCC-1379-4713-8E5E-EEE84D91505C}.Debug|x86.Build.0 = Debug|Any CPU
		{38CE5DCC-1379-4713-8E5E-EEE84D91505C}.Release|Any CPU.ActiveCfg = Release|Any CPU
		{38CE5DCC-1379-4713-8E5E-EEE84D91505C}.Release|Any CPU.Build.0 = Release|Any CPU
		{38CE5DCC-1379-4713-8E5E-EEE84D91505C}.Release|x64.ActiveCfg = Release|Any CPU
		{38CE5DCC-1379-4713-8E5E-EEE84D91505C}.Release|x64.Build.0 = Release|Any CPU
		{38CE5DCC-1379-4713-8E5E-EEE84D91505C}.Release|x86.ActiveCfg = Release|Any CPU
		{38CE5DCC-1379-4713-8E5E-EEE84D91505C}.Release|x86.Build.0 = Release|Any CPU
		{99F189C9-890B-45A6-94BD-09AF4C9A6CBE}.Debug|Any CPU.ActiveCfg = Debug|Any CPU
		{99F189C9-890B-45A6-94BD-09AF4C9A6CBE}.Debug|Any CPU.Build.0 = Debug|Any CPU
		{99F189C9-890B-45A6-94BD-09AF4C9A6CBE}.Debug|x64.ActiveCfg = Debug|Any CPU
		{99F189C9-890B-45A6-94BD-09AF4C9A6CBE}.Debug|x64.Build.0 = Debug|Any CPU
		{99F189C9-890B-45A6-94BD-09AF4C9A6CBE}.Debug|x86.ActiveCfg = Debug|Any CPU
		{99F189C9-890B-45A6-94BD-09AF4C9A6CBE}.Debug|x86.Build.0 = Debug|Any CPU
		{99F189C9-890B-45A6-94BD-09AF4C9A6CBE}.Release|Any CPU.ActiveCfg = Release|Any CPU
		{99F189C9-890B-45A6-94BD-09AF4C9A6CBE}.Release|Any CPU.Build.0 = Release|Any CPU
		{99F189C9-890B-45A6-94BD-09AF4C9A6CBE}.Release|x64.ActiveCfg = Release|Any CPU
		{99F189C9-890B-45A6-94BD-09AF4C9A6CBE}.Release|x64.Build.0 = Release|Any CPU
		{99F189C9-890B-45A6-94BD-09AF4C9A6CBE}.Release|x86.ActiveCfg = Release|Any CPU
		{99F189C9-890B-45A6-94BD-09AF4C9A6CBE}.Release|x86.Build.0 = Release|Any CPU
		{13BA268F-6878-4157-89A2-8AD3DF190BBD}.Debug|Any CPU.ActiveCfg = Debug|Any CPU
		{13BA268F-6878-4157-89A2-8AD3DF190BBD}.Debug|Any CPU.Build.0 = Debug|Any CPU
		{13BA268F-6878-4157-89A2-8AD3DF190BBD}.Debug|x64.ActiveCfg = Debug|Any CPU
		{13BA268F-6878-4157-89A2-8AD3DF190BBD}.Debug|x64.Build.0 = Debug|Any CPU
		{13BA268F-6878-4157-89A2-8AD3DF190BBD}.Debug|x86.ActiveCfg = Debug|Any CPU
		{13BA268F-6878-4157-89A2-8AD3DF190BBD}.Debug|x86.Build.0 = Debug|Any CPU
		{13BA268F-6878-4157-89A2-8AD3DF190BBD}.Release|Any CPU.ActiveCfg = Release|Any CPU
		{13BA268F-6878-4157-89A2-8AD3DF190BBD}.Release|Any CPU.Build.0 = Release|Any CPU
		{13BA268F-6878-4157-89A2-8AD3DF190BBD}.Release|x64.ActiveCfg = Release|Any CPU
		{13BA268F-6878-4157-89A2-8AD3DF190BBD}.Release|x64.Build.0 = Release|Any CPU
		{13BA268F-6878-4157-89A2-8AD3DF190BBD}.Release|x86.ActiveCfg = Release|Any CPU
		{13BA268F-6878-4157-89A2-8AD3DF190BBD}.Release|x86.Build.0 = Release|Any CPU
	EndGlobalSection
	GlobalSection(SolutionProperties) = preSolution
		HideSolutionNode = FALSE
	EndGlobalSection
	GlobalSection(NestedProjects) = preSolution
		{322C6B1D-251E-4D6F-9623-5A163576DA11} = {827E0CD3-B72D-47B6-A68D-7590B98EB39B}
		{31A12203-83A5-48D6-AD40-2AEFEA4757C9} = {827E0CD3-B72D-47B6-A68D-7590B98EB39B}
		{AE378207-73B5-4898-9FE0-602CB428885D} = {827E0CD3-B72D-47B6-A68D-7590B98EB39B}
		{5C7DECEB-E3D9-4570-A910-5BF379ADC777} = {827E0CD3-B72D-47B6-A68D-7590B98EB39B}
		{6F33D3F1-2A03-4A7D-B923-495B9B906CE2} = {827E0CD3-B72D-47B6-A68D-7590B98EB39B}
		{E6370A57-3409-4438-9EC0-01A5241E15AE} = {0AB3BF05-4346-4AA6-1389-037BE0695223}
		{17B5CA17-87CB-4768-B736-A069367A94D0} = {0AB3BF05-4346-4AA6-1389-037BE0695223}
		{38CE5DCC-1379-4713-8E5E-EEE84D91505C} = {0AB3BF05-4346-4AA6-1389-037BE0695223}
		{99F189C9-890B-45A6-94BD-09AF4C9A6CBE} = {0AB3BF05-4346-4AA6-1389-037BE0695223}
		{13BA268F-6878-4157-89A2-8AD3DF190BBD} = {0AB3BF05-4346-4AA6-1389-037BE0695223}
	EndGlobalSection
EndGlobal
