
Microsoft Visual Studio Solution File, Format Version 12.00
# Visual Studio Version 17
VisualStudioVersion = 17.0.31903.59
MinimumVisualStudioVersion = 10.0.40219.1
Project("{9A19103F-16F7-4668-BE54-9A1E7A4F7556}") = "BeamKit.Core", "src\BeamKit.Core\BeamKit.Core.csproj", "{3AB6E943-061B-46FF-A21D-587017D33732}"
EndProject
Project("{9A19103F-16F7-4668-BE54-9A1E7A4F7556}") = "BeamKit.Naming", "src\BeamKit.Naming\BeamKit.Naming.csproj", "{AB05DDAF-3DEA-4146-A0E8-D49E89084CD4}"
EndProject
Project("{9A19103F-16F7-4668-BE54-9A1E7A4F7556}") = "BeamKit.Rules", "src\BeamKit.Rules\BeamKit.Rules.csproj", "{4700D827-EE41-4D77-ADFC-68DAC38457F2}"
EndProject
Project("{9A19103F-16F7-4668-BE54-9A1E7A4F7556}") = "BeamKit.Reporting", "src\BeamKit.Reporting\BeamKit.Reporting.csproj", "{F8B8F250-04B0-403A-9664-D23108B16E90}"
EndProject
Project("{9A19103F-16F7-4668-BE54-9A1E7A4F7556}") = "BeamKit.Workflow", "src\BeamKit.Workflow\BeamKit.Workflow.csproj", "{0E1B69AA-9886-4153-B4A1-4C7D354DC323}"
EndProject
Project("{9A19103F-16F7-4668-BE54-9A1E7A4F7556}") = "BeamKit.Samples", "src\BeamKit.Samples\BeamKit.Samples.csproj", "{3C6460F7-BC39-44F9-9ABB-23BC67191F08}"
EndProject
Project("{9A19103F-16F7-4668-BE54-9A1E7A4F7556}") = "BeamKit.Cli", "src\BeamKit.Cli\BeamKit.Cli.csproj", "{3ED2CD75-0D7F-4A1A-A27A-E12525F37D14}"
EndProject
Project("{9A19103F-16F7-4668-BE54-9A1E7A4F7556}") = "BeamKit.Core.Tests", "tests\BeamKit.Core.Tests\BeamKit.Core.Tests.csproj", "{F209F916-D8A3-461B-BD87-78CBF32AB288}"
EndProject
Project("{9A19103F-16F7-4668-BE54-9A1E7A4F7556}") = "BeamKit.Rules.Tests", "tests\BeamKit.Rules.Tests\BeamKit.Rules.Tests.csproj", "{E0CA3F0D-E18E-46D1-98EE-EE1F9088AB9E}"
EndProject
Project("{9A19103F-16F7-4668-BE54-9A1E7A4F7556}") = "BeamKit.Reporting.Tests", "tests\BeamKit.Reporting.Tests\BeamKit.Reporting.Tests.csproj", "{BF3877FF-4FE0-44E7-BE90-A59B76F19C7F}"
EndProject
Project("{9A19103F-16F7-4668-BE54-9A1E7A4F7556}") = "BeamKit.Workflow.Tests", "tests\BeamKit.Workflow.Tests\BeamKit.Workflow.Tests.csproj", "{2A15665A-66F1-4899-92C7-757E4F9B907A}"
EndProject
Project("{9A19103F-16F7-4668-BE54-9A1E7A4F7556}") = "BeamKit.Naming.Tests", "tests\BeamKit.Naming.Tests\BeamKit.Naming.Tests.csproj", "{4D198E57-5C9E-4D8B-B940-DB7BC7F72AE8}"
EndProject
Project("{2150E333-8FDC-42A3-9474-1A3956D46DE8}") = "src", "src", "{827E0CD3-B72D-47B6-A68D-7590B98EB39B}"
EndProject
Project("{FAE04EC0-301F-11D3-BF4B-00C04F79EFBC}") = "BeamKit.Templates", "src\BeamKit.Templates\BeamKit.Templates.csproj", "{322C6B1D-251E-4D6F-9623-5A163576DA11}"
EndProject
Project("{FAE04EC0-301F-11D3-BF4B-00C04F79EFBC}") = "BeamKit.Qa", "src\BeamKit.Qa\BeamKit.Qa.csproj", "{31A12203-83A5-48D6-AD40-2AEFEA4757C9}"
EndProject
Project("{FAE04EC0-301F-11D3-BF4B-00C04F79EFBC}") = "BeamKit.Dvh", "src\BeamKit.Dvh\BeamKit.Dvh.csproj", "{AE378207-73B5-4898-9FE0-602CB428885D}"
EndProject
Project("{FAE04EC0-301F-11D3-BF4B-00C04F79EFBC}") = "BeamKit.Dicom", "src\BeamKit.Dicom\BeamKit.Dicom.csproj", "{5C7DECEB-E3D9-4570-A910-5BF379ADC777}"
EndProject
Project("{FAE04EC0-301F-11D3-BF4B-00C04F79EFBC}") = "BeamKit.Esapi", "src\BeamKit.Esapi\BeamKit.Esapi.csproj", "{6F33D3F1-2A03-4A7D-B923-495B9B906CE2}"
EndProject
Project("{2150E333-8FDC-42A3-9474-1A3956D46DE8}") = "tests", "tests", "{0AB3BF05-4346-4AA6-1389-037BE0695223}"
EndProject
Project("{FAE04EC0-301F-11D3-BF4B-00C04F79EFBC}") = "BeamKit.Templates.Tests", "tests\BeamKit.Templates.Tests\BeamKit.Templates.Tests.csproj", "{E6370A57-3409-4438-9EC0-01A5241E15AE}"
EndProject
Project("{FAE04EC0-301F-11D3-BF4B-00C04F79EFBC}") = "BeamKit.Qa.Tests", "tests\BeamKit.Qa.Tests\BeamKit.Qa.Tests.csproj", "{17B5CA17-87CB-4768-B736-A069367A94D0}"
EndProject
Project("{FAE04EC0-301F-11D3-BF4B-00C04F79EFBC}") = "BeamKit.Dvh.Tests", "tests\BeamKit.Dvh.Tests\BeamKit.Dvh.Tests.csproj", "{38CE5DCC-1379-4713-8E5E-EEE84D91505C}"
EndProject
Project("{FAE04EC0-301F-11D3-BF4B-00C04F79EFBC}") = "BeamKit.Dicom.Tests", "tests\BeamKit.Dicom.Tests\BeamKit.Dicom.Tests.csproj", "{99F189C9-890B-45A6-94BD-09AF4C9A6CBE}"
EndProject
Project("{FAE04EC0-301F-11D3-BF4B-00C04F79EFBC}") = "BeamKit.Esapi.Tests", "tests\BeamKit.Esapi.Tests\BeamKit.Esapi.Tests.csproj", "{13BA268F-6878-4157-89A2-8AD3DF190BBD}"
EndProject
Project("{FAE04EC0-301F-11D3-BF4B-00C04F79EFBC}") = "BeamKit.ChangeDetection", "src\BeamKit.ChangeDetection\BeamKit.ChangeDetection.csproj", "{FABDDA4F-D445-4DE8-8B4B-7E12266CEFE3}"
EndProject
Project("{FAE04EC0-301F-11D3-BF4B-00C04F79EFBC}") = "BeamKit.ChangeDetection.Tests", "tests\BeamKit.ChangeDetection.Tests\BeamKit.ChangeDetection.Tests.csproj", "{506B9F3B-BF45-4AE1-B075-8B914D3BAA14}"
EndProject
Project("{FAE04EC0-301F-11D3-BF4B-00C04F79EFBC}") = "BeamKit.Architecture.Tests", "tests\BeamKit.Architecture.Tests\BeamKit.Architecture.Tests.csproj", "{7F8C71A2-7E9E-4C64-A1EC-5A43153CCBB7}"
EndProject
Project("{FAE04EC0-301F-11D3-BF4B-00C04F79EFBC}") = "BeamKit.Samples.Tests", "tests\BeamKit.Samples.Tests\BeamKit.Samples.Tests.csproj", "{432CCB41-69CA-48C6-A5CD-8E5DE823E95B}"
EndProject
Project("{FAE04EC0-301F-11D3-BF4B-00C04F79EFBC}") = "BeamKit.Cli.Tests", "tests\BeamKit.Cli.Tests\BeamKit.Cli.Tests.csproj", "{08893239-C9E8-4B6E-B106-EBA4B906C656}"
EndProject
Project("{FAE04EC0-301F-11D3-BF4B-00C04F79EFBC}") = "BeamKit.Calculations", "src\BeamKit.Calculations\BeamKit.Calculations.csproj", "{ABE28F70-F059-43E2-8416-72FFE02B4B78}"
EndProject
Project("{FAE04EC0-301F-11D3-BF4B-00C04F79EFBC}") = "BeamKit.Calculations.Tests", "tests\BeamKit.Calculations.Tests\BeamKit.Calculations.Tests.csproj", "{78E3C895-FACB-4E2C-860C-574ABFEDE6F5}"
EndProject
Project("{FAE04EC0-301F-11D3-BF4B-00C04F79EFBC}") = "BeamKit.Structures", "src\BeamKit.Structures\BeamKit.Structures.csproj", "{40BEAE64-ABEB-4DF0-8B39-99E2982F6756}"
EndProject
Project("{FAE04EC0-301F-11D3-BF4B-00C04F79EFBC}") = "BeamKit.Structures.Tests", "tests\BeamKit.Structures.Tests\BeamKit.Structures.Tests.csproj", "{767D67DA-7AA2-4665-BA28-91218E2B19F3}"
EndProject
Project("{FAE04EC0-301F-11D3-BF4B-00C04F79EFBC}") = "BeamKit.Metrics", "src\BeamKit.Metrics\BeamKit.Metrics.csproj", "{C93363A8-B223-4897-BF34-1E7AC624B711}"
EndProject
Project("{FAE04EC0-301F-11D3-BF4B-00C04F79EFBC}") = "BeamKit.Metrics.Tests", "tests\BeamKit.Metrics.Tests\BeamKit.Metrics.Tests.csproj", "{26F9BE4E-EF5D-49A9-B8D4-3BE2139961A4}"
EndProject
Project("{FAE04EC0-301F-11D3-BF4B-00C04F79EFBC}") = "BeamKit.Deliverability", "src\BeamKit.Deliverability\BeamKit.Deliverability.csproj", "{00795A63-9E72-4929-8039-106959A828B6}"
EndProject
Project("{FAE04EC0-301F-11D3-BF4B-00C04F79EFBC}") = "BeamKit.Deliverability.Tests", "tests\BeamKit.Deliverability.Tests\BeamKit.Deliverability.Tests.csproj", "{477622A2-C567-4A77-97CF-4451136CBE14}"
EndProject
Project("{FAE04EC0-301F-11D3-BF4B-00C04F79EFBC}") = "BeamKit.PlanCheck", "src\BeamKit.PlanCheck\BeamKit.PlanCheck.csproj", "{678666FE-8743-42EE-8C61-916378AF096F}"
EndProject
Project("{FAE04EC0-301F-11D3-BF4B-00C04F79EFBC}") = "BeamKit.PlanCheck.Tests", "tests\BeamKit.PlanCheck.Tests\BeamKit.PlanCheck.Tests.csproj", "{38040343-29DA-407B-9B9A-E3BBCF6061F2}"
EndProject
Project("{FAE04EC0-301F-11D3-BF4B-00C04F79EFBC}") = "BeamKit.Release", "src\BeamKit.Release\BeamKit.Release.csproj", "{CD0A1655-FD59-415C-85A8-41B90BE27BF1}"
EndProject
Project("{FAE04EC0-301F-11D3-BF4B-00C04F79EFBC}") = "BeamKit.Release.Tests", "tests\BeamKit.Release.Tests\BeamKit.Release.Tests.csproj", "{73D25021-25D4-4758-A1C4-D218ABAFCF40}"
EndProject
Project("{FAE04EC0-301F-11D3-BF4B-00C04F79EFBC}") = "BeamKit.Check", "src\BeamKit.Check\BeamKit.Check.csproj", "{6D03AD22-41D3-4CB8-A009-D749892B031F}"
EndProject
Project("{FAE04EC0-301F-11D3-BF4B-00C04F79EFBC}") = "BeamKit.Check.Tests", "tests\BeamKit.Check.Tests\BeamKit.Check.Tests.csproj", "{14D5B195-D72B-4E29-BFB1-C43A433A3DB6}"
EndProject
Project("{FAE04EC0-301F-11D3-BF4B-00C04F79EFBC}") = "BeamKit.Sdk", "src\BeamKit.Sdk\BeamKit.Sdk.csproj", "{5634F87B-AA8D-4BE6-8B88-A99E5E83D038}"
EndProject
Project("{FAE04EC0-301F-11D3-BF4B-00C04F79EFBC}") = "BeamKit.Sdk.Tests", "tests\BeamKit.Sdk.Tests\BeamKit.Sdk.Tests.csproj", "{11CF2999-BBE0-4BC5-B269-FAC4DC20A8C0}"
EndProject
Project("{FAE04EC0-301F-11D3-BF4B-00C04F79EFBC}") = "BeamKit.CiServer", "src\BeamKit.CiServer\BeamKit.CiServer.csproj", "{3D1AA96C-3D55-415F-9078-24E75C393DAB}"
EndProject
Project("{FAE04EC0-301F-11D3-BF4B-00C04F79EFBC}") = "BeamKit.CiServer.Tests", "tests\BeamKit.CiServer.Tests\BeamKit.CiServer.Tests.csproj", "{75AE2CCB-8931-46B9-9FDA-C2E1FB79B9D9}"
EndProject
Project("{FAE04EC0-301F-11D3-BF4B-00C04F79EFBC}") = "BeamKit.RulePacks", "src\BeamKit.RulePacks\BeamKit.RulePacks.csproj", "{AED388EB-7713-47D6-97DF-3F4D2BAF5452}"
EndProject
Project("{FAE04EC0-301F-11D3-BF4B-00C04F79EFBC}") = "BeamKit.RulePacks.Tests", "tests\BeamKit.RulePacks.Tests\BeamKit.RulePacks.Tests.csproj", "{8088A418-6324-42BF-9195-DE5E0192F60A}"
EndProject
Project("{FAE04EC0-301F-11D3-BF4B-00C04F79EFBC}") = "BeamKit.Intelligence", "src\BeamKit.Intelligence\BeamKit.Intelligence.csproj", "{B32A17B1-67E1-4BBB-B0FB-8F7FF4A88023}"
EndProject
Project("{FAE04EC0-301F-11D3-BF4B-00C04F79EFBC}") = "BeamKit.Intelligence.Tests", "tests\BeamKit.Intelligence.Tests\BeamKit.Intelligence.Tests.csproj", "{A0184FD8-11FC-4064-84E6-C10944B981FB}"
EndProject
Project("{FAE04EC0-301F-11D3-BF4B-00C04F79EFBC}") = "BeamKit.Safety", "src\BeamKit.Safety\BeamKit.Safety.csproj", "{429E4343-AA59-488A-8979-6DA4A6441783}"
EndProject
Project("{FAE04EC0-301F-11D3-BF4B-00C04F79EFBC}") = "BeamKit.Safety.Tests", "tests\BeamKit.Safety.Tests\BeamKit.Safety.Tests.csproj", "{062589B8-5EDC-434B-A223-61E331B0CF47}"
EndProject
Project("{FAE04EC0-301F-11D3-BF4B-00C04F79EFBC}") = "BeamKit.Protocols", "src\BeamKit.Protocols\BeamKit.Protocols.csproj", "{58B71DF6-0832-49E3-A1DA-89C1DE314687}"
EndProject
Project("{FAE04EC0-301F-11D3-BF4B-00C04F79EFBC}") = "BeamKit.Protocols.Tests", "tests\BeamKit.Protocols.Tests\BeamKit.Protocols.Tests.csproj", "{2756FEFA-0908-49C5-9A5F-B36F9D96152D}"
EndProject
Project("{FAE04EC0-301F-11D3-BF4B-00C04F79EFBC}") = "BeamKit.Protocols.Word", "src\BeamKit.Protocols.Word\BeamKit.Protocols.Word.csproj", "{C1A7D81E-7FFA-4536-98BC-6F59F97A5009}"
EndProject
Project("{FAE04EC0-301F-11D3-BF4B-00C04F79EFBC}") = "BeamKit.Protocols.Word.Tests", "tests\BeamKit.Protocols.Word.Tests\BeamKit.Protocols.Word.Tests.csproj", "{61F476B1-FB92-4D33-BE58-F0B628E6C88F}"
EndProject
Project("{FAE04EC0-301F-11D3-BF4B-00C04F79EFBC}") = "BeamKit.Protocols.Acceptance", "src\BeamKit.Protocols.Acceptance\BeamKit.Protocols.Acceptance.csproj", "{409F12D2-B5B7-4D63-9C60-AEA702F2DD20}"
EndProject
Project("{FAE04EC0-301F-11D3-BF4B-00C04F79EFBC}") = "BeamKit.Protocols.Acceptance.Tests", "tests\BeamKit.Protocols.Acceptance.Tests\BeamKit.Protocols.Acceptance.Tests.csproj", "{65E6E784-B4C3-47BE-ABD5-566F1C4F3B40}"
EndProject
Global
	GlobalSection(SolutionConfigurationPlatforms) = preSolution
		Debug|Any CPU = Debug|Any CPU
		Debug|x64 = Debug|x64
		Debug|x86 = Debug|x86
		Release|Any CPU = Release|Any CPU
		Release|x64 = Release|x64
		Release|x86 = Release|x86
	EndGlobalSection
	GlobalSection(ProjectConfigurationPlatforms) = postSolution
		{3AB6E943-061B-46FF-A21D-587017D33732}.Debug|Any CPU.ActiveCfg = Debug|Any CPU
		{3AB6E943-061B-46FF-A21D-587017D33732}.Debug|Any CPU.Build.0 = Debug|Any CPU
		{3AB6E943-061B-46FF-A21D-587017D33732}.Debug|x64.ActiveCfg = Debug|Any CPU
		{3AB6E943-061B-46FF-A21D-587017D33732}.Debug|x64.Build.0 = Debug|Any CPU
		{3AB6E943-061B-46FF-A21D-587017D33732}.Debug|x86.ActiveCfg = Debug|Any CPU
		{3AB6E943-061B-46FF-A21D-587017D33732}.Debug|x86.Build.0 = Debug|Any CPU
		{3AB6E943-061B-46FF-A21D-587017D33732}.Release|Any CPU.ActiveCfg = Release|Any CPU
		{3AB6E943-061B-46FF-A21D-587017D33732}.Release|Any CPU.Build.0 = Release|Any CPU
		{3AB6E943-061B-46FF-A21D-587017D33732}.Release|x64.ActiveCfg = Release|Any CPU
		{3AB6E943-061B-46FF-A21D-587017D33732}.Release|x64.Build.0 = Release|Any CPU
		{3AB6E943-061B-46FF-A21D-587017D33732}.Release|x86.ActiveCfg = Release|Any CPU
		{3AB6E943-061B-46FF-A21D-587017D33732}.Release|x86.Build.0 = Release|Any CPU
		{AB05DDAF-3DEA-4146-A0E8-D49E89084CD4}.Debug|Any CPU.ActiveCfg = Debug|Any CPU
		{AB05DDAF-3DEA-4146-A0E8-D49E89084CD4}.Debug|Any CPU.Build.0 = Debug|Any CPU
		{AB05DDAF-3DEA-4146-A0E8-D49E89084CD4}.Debug|x64.ActiveCfg = Debug|Any CPU
		{AB05DDAF-3DEA-4146-A0E8-D49E89084CD4}.Debug|x64.Build.0 = Debug|Any CPU
		{AB05DDAF-3DEA-4146-A0E8-D49E89084CD4}.Debug|x86.ActiveCfg = Debug|Any CPU
		{AB05DDAF-3DEA-4146-A0E8-D49E89084CD4}.Debug|x86.Build.0 = Debug|Any CPU
		{AB05DDAF-3DEA-4146-A0E8-D49E89084CD4}.Release|Any CPU.ActiveCfg = Release|Any CPU
		{AB05DDAF-3DEA-4146-A0E8-D49E89084CD4}.Release|Any CPU.Build.0 = Release|Any CPU
		{AB05DDAF-3DEA-4146-A0E8-D49E89084CD4}.Release|x64.ActiveCfg = Release|Any CPU
		{AB05DDAF-3DEA-4146-A0E8-D49E89084CD4}.Release|x64.Build.0 = Release|Any CPU
		{AB05DDAF-3DEA-4146-A0E8-D49E89084CD4}.Release|x86.ActiveCfg = Release|Any CPU
		{AB05DDAF-3DEA-4146-A0E8-D49E89084CD4}.Release|x86.Build.0 = Release|Any CPU
		{4700D827-EE41-4D77-ADFC-68DAC38457F2}.Debug|Any CPU.ActiveCfg = Debug|Any CPU
		{4700D827-EE41-4D77-ADFC-68DAC38457F2}.Debug|Any CPU.Build.0 = Debug|Any CPU
		{4700D827-EE41-4D77-ADFC-68DAC38457F2}.Debug|x64.ActiveCfg = Debug|Any CPU
		{4700D827-EE41-4D77-ADFC-68DAC38457F2}.Debug|x64.Build.0 = Debug|Any CPU
		{4700D827-EE41-4D77-ADFC-68DAC38457F2}.Debug|x86.ActiveCfg = Debug|Any CPU
		{4700D827-EE41-4D77-ADFC-68DAC38457F2}.Debug|x86.Build.0 = Debug|Any CPU
		{4700D827-EE41-4D77-ADFC-68DAC38457F2}.Release|Any CPU.ActiveCfg = Release|Any CPU
		{4700D827-EE41-4D77-ADFC-68DAC38457F2}.Release|Any CPU.Build.0 = Release|Any CPU
		{4700D827-EE41-4D77-ADFC-68DAC38457F2}.Release|x64.ActiveCfg = Release|Any CPU
		{4700D827-EE41-4D77-ADFC-68DAC38457F2}.Release|x64.Build.0 = Release|Any CPU
		{4700D827-EE41-4D77-ADFC-68DAC38457F2}.Release|x86.ActiveCfg = Release|Any CPU
		{4700D827-EE41-4D77-ADFC-68DAC38457F2}.Release|x86.Build.0 = Release|Any CPU
		{F8B8F250-04B0-403A-9664-D23108B16E90}.Debug|Any CPU.ActiveCfg = Debug|Any CPU
		{F8B8F250-04B0-403A-9664-D23108B16E90}.Debug|Any CPU.Build.0 = Debug|Any CPU
		{F8B8F250-04B0-403A-9664-D23108B16E90}.Debug|x64.ActiveCfg = Debug|Any CPU
		{F8B8F250-04B0-403A-9664-D23108B16E90}.Debug|x64.Build.0 = Debug|Any CPU
		{F8B8F250-04B0-403A-9664-D23108B16E90}.Debug|x86.ActiveCfg = Debug|Any CPU
		{F8B8F250-04B0-403A-9664-D23108B16E90}.Debug|x86.Build.0 = Debug|Any CPU
		{F8B8F250-04B0-403A-9664-D23108B16E90}.Release|Any CPU.ActiveCfg = Release|Any CPU
		{F8B8F250-04B0-403A-9664-D23108B16E90}.Release|Any CPU.Build.0 = Release|Any CPU
		{F8B8F250-04B0-403A-9664-D23108B16E90}.Release|x64.ActiveCfg = Release|Any CPU
		{F8B8F250-04B0-403A-9664-D23108B16E90}.Release|x64.Build.0 = Release|Any CPU
		{F8B8F250-04B0-403A-9664-D23108B16E90}.Release|x86.ActiveCfg = Release|Any CPU
		{F8B8F250-04B0-403A-9664-D23108B16E90}.Release|x86.Build.0 = Release|Any CPU
		{0E1B69AA-9886-4153-B4A1-4C7D354DC323}.Debug|Any CPU.ActiveCfg = Debug|Any CPU
		{0E1B69AA-9886-4153-B4A1-4C7D354DC323}.Debug|Any CPU.Build.0 = Debug|Any CPU
		{0E1B69AA-9886-4153-B4A1-4C7D354DC323}.Debug|x64.ActiveCfg = Debug|Any CPU
		{0E1B69AA-9886-4153-B4A1-4C7D354DC323}.Debug|x64.Build.0 = Debug|Any CPU
		{0E1B69AA-9886-4153-B4A1-4C7D354DC323}.Debug|x86.ActiveCfg = Debug|Any CPU
		{0E1B69AA-9886-4153-B4A1-4C7D354DC323}.Debug|x86.Build.0 = Debug|Any CPU
		{0E1B69AA-9886-4153-B4A1-4C7D354DC323}.Release|Any CPU.ActiveCfg = Release|Any CPU
		{0E1B69AA-9886-4153-B4A1-4C7D354DC323}.Release|Any CPU.Build.0 = Release|Any CPU
		{0E1B69AA-9886-4153-B4A1-4C7D354DC323}.Release|x64.ActiveCfg = Release|Any CPU
		{0E1B69AA-9886-4153-B4A1-4C7D354DC323}.Release|x64.Build.0 = Release|Any CPU
		{0E1B69AA-9886-4153-B4A1-4C7D354DC323}.Release|x86.ActiveCfg = Release|Any CPU
		{0E1B69AA-9886-4153-B4A1-4C7D354DC323}.Release|x86.Build.0 = Release|Any CPU
		{3C6460F7-BC39-44F9-9ABB-23BC67191F08}.Debug|Any CPU.ActiveCfg = Debug|Any CPU
		{3C6460F7-BC39-44F9-9ABB-23BC67191F08}.Debug|Any CPU.Build.0 = Debug|Any CPU
		{3C6460F7-BC39-44F9-9ABB-23BC67191F08}.Debug|x64.ActiveCfg = Debug|Any CPU
		{3C6460F7-BC39-44F9-9ABB-23BC67191F08}.Debug|x64.Build.0 = Debug|Any CPU
		{3C6460F7-BC39-44F9-9ABB-23BC67191F08}.Debug|x86.ActiveCfg = Debug|Any CPU
		{3C6460F7-BC39-44F9-9ABB-23BC67191F08}.Debug|x86.Build.0 = Debug|Any CPU
		{3C6460F7-BC39-44F9-9ABB-23BC67191F08}.Release|Any CPU.ActiveCfg = Release|Any CPU
		{3C6460F7-BC39-44F9-9ABB-23BC67191F08}.Release|Any CPU.Build.0 = Release|Any CPU
		{3C6460F7-BC39-44F9-9ABB-23BC67191F08}.Release|x64.ActiveCfg = Release|Any CPU
		{3C6460F7-BC39-44F9-9ABB-23BC67191F08}.Release|x64.Build.0 = Release|Any CPU
		{3C6460F7-BC39-44F9-9ABB-23BC67191F08}.Release|x86.ActiveCfg = Release|Any CPU
		{3C6460F7-BC39-44F9-9ABB-23BC67191F08}.Release|x86.Build.0 = Release|Any CPU
		{3ED2CD75-0D7F-4A1A-A27A-E12525F37D14}.Debug|Any CPU.ActiveCfg = Debug|Any CPU
		{3ED2CD75-0D7F-4A1A-A27A-E12525F37D14}.Debug|Any CPU.Build.0 = Debug|Any CPU
		{3ED2CD75-0D7F-4A1A-A27A-E12525F37D14}.Debug|x64.ActiveCfg = Debug|Any CPU
		{3ED2CD75-0D7F-4A1A-A27A-E12525F37D14}.Debug|x64.Build.0 = Debug|Any CPU
		{3ED2CD75-0D7F-4A1A-A27A-E12525F37D14}.Debug|x86.ActiveCfg = Debug|Any CPU
		{3ED2CD75-0D7F-4A1A-A27A-E12525F37D14}.Debug|x86.Build.0 = Debug|Any CPU
		{3ED2CD75-0D7F-4A1A-A27A-E12525F37D14}.Release|Any CPU.ActiveCfg = Release|Any CPU
		{3ED2CD75-0D7F-4A1A-A27A-E12525F37D14}.Release|Any CPU.Build.0 = Release|Any CPU
		{3ED2CD75-0D7F-4A1A-A27A-E12525F37D14}.Release|x64.ActiveCfg = Release|Any CPU
		{3ED2CD75-0D7F-4A1A-A27A-E12525F37D14}.Release|x64.Build.0 = Release|Any CPU
		{3ED2CD75-0D7F-4A1A-A27A-E12525F37D14}.Release|x86.ActiveCfg = Release|Any CPU
		{3ED2CD75-0D7F-4A1A-A27A-E12525F37D14}.Release|x86.Build.0 = Release|Any CPU
		{F209F916-D8A3-461B-BD87-78CBF32AB288}.Debug|Any CPU.ActiveCfg = Debug|Any CPU
		{F209F916-D8A3-461B-BD87-78CBF32AB288}.Debug|Any CPU.Build.0 = Debug|Any CPU
		{F209F916-D8A3-461B-BD87-78CBF32AB288}.Debug|x64.ActiveCfg = Debug|Any CPU
		{F209F916-D8A3-461B-BD87-78CBF32AB288}.Debug|x64.Build.0 = Debug|Any CPU
		{F209F916-D8A3-461B-BD87-78CBF32AB288}.Debug|x86.ActiveCfg = Debug|Any CPU
		{F209F916-D8A3-461B-BD87-78CBF32AB288}.Debug|x86.Build.0 = Debug|Any CPU
		{F209F916-D8A3-461B-BD87-78CBF32AB288}.Release|Any CPU.ActiveCfg = Release|Any CPU
		{F209F916-D8A3-461B-BD87-78CBF32AB288}.Release|Any CPU.Build.0 = Release|Any CPU
		{F209F916-D8A3-461B-BD87-78CBF32AB288}.Release|x64.ActiveCfg = Release|Any CPU
		{F209F916-D8A3-461B-BD87-78CBF32AB288}.Release|x64.Build.0 = Release|Any CPU
		{F209F916-D8A3-461B-BD87-78CBF32AB288}.Release|x86.ActiveCfg = Release|Any CPU
		{F209F916-D8A3-461B-BD87-78CBF32AB288}.Release|x86.Build.0 = Release|Any CPU
		{E0CA3F0D-E18E-46D1-98EE-EE1F9088AB9E}.Debug|Any CPU.ActiveCfg = Debug|Any CPU
		{E0CA3F0D-E18E-46D1-98EE-EE1F9088AB9E}.Debug|Any CPU.Build.0 = Debug|Any CPU
		{E0CA3F0D-E18E-46D1-98EE-EE1F9088AB9E}.Debug|x64.ActiveCfg = Debug|Any CPU
		{E0CA3F0D-E18E-46D1-98EE-EE1F9088AB9E}.Debug|x64.Build.0 = Debug|Any CPU
		{E0CA3F0D-E18E-46D1-98EE-EE1F9088AB9E}.Debug|x86.ActiveCfg = Debug|Any CPU
		{E0CA3F0D-E18E-46D1-98EE-EE1F9088AB9E}.Debug|x86.Build.0 = Debug|Any CPU
		{E0CA3F0D-E18E-46D1-98EE-EE1F9088AB9E}.Release|Any CPU.ActiveCfg = Release|Any CPU
		{E0CA3F0D-E18E-46D1-98EE-EE1F9088AB9E}.Release|Any CPU.Build.0 = Release|Any CPU
		{E0CA3F0D-E18E-46D1-98EE-EE1F9088AB9E}.Release|x64.ActiveCfg = Release|Any CPU
		{E0CA3F0D-E18E-46D1-98EE-EE1F9088AB9E}.Release|x64.Build.0 = Release|Any CPU
		{E0CA3F0D-E18E-46D1-98EE-EE1F9088AB9E}.Release|x86.ActiveCfg = Release|Any CPU
		{E0CA3F0D-E18E-46D1-98EE-EE1F9088AB9E}.Release|x86.Build.0 = Release|Any CPU
		{BF3877FF-4FE0-44E7-BE90-A59B76F19C7F}.Debug|Any CPU.ActiveCfg = Debug|Any CPU
		{BF3877FF-4FE0-44E7-BE90-A59B76F19C7F}.Debug|Any CPU.Build.0 = Debug|Any CPU
		{BF3877FF-4FE0-44E7-BE90-A59B76F19C7F}.Debug|x64.ActiveCfg = Debug|Any CPU
		{BF3877FF-4FE0-44E7-BE90-A59B76F19C7F}.Debug|x64.Build.0 = Debug|Any CPU
		{BF3877FF-4FE0-44E7-BE90-A59B76F19C7F}.Debug|x86.ActiveCfg = Debug|Any CPU
		{BF3877FF-4FE0-44E7-BE90-A59B76F19C7F}.Debug|x86.Build.0 = Debug|Any CPU
		{BF3877FF-4FE0-44E7-BE90-A59B76F19C7F}.Release|Any CPU.ActiveCfg = Release|Any CPU
		{BF3877FF-4FE0-44E7-BE90-A59B76F19C7F}.Release|Any CPU.Build.0 = Release|Any CPU
		{BF3877FF-4FE0-44E7-BE90-A59B76F19C7F}.Release|x64.ActiveCfg = Release|Any CPU
		{BF3877FF-4FE0-44E7-BE90-A59B76F19C7F}.Release|x64.Build.0 = Release|Any CPU
		{BF3877FF-4FE0-44E7-BE90-A59B76F19C7F}.Release|x86.ActiveCfg = Release|Any CPU
		{BF3877FF-4FE0-44E7-BE90-A59B76F19C7F}.Release|x86.Build.0 = Release|Any CPU
		{2A15665A-66F1-4899-92C7-757E4F9B907A}.Debug|Any CPU.ActiveCfg = Debug|Any CPU
		{2A15665A-66F1-4899-92C7-757E4F9B907A}.Debug|Any CPU.Build.0 = Debug|Any CPU
		{2A15665A-66F1-4899-92C7-757E4F9B907A}.Debug|x64.ActiveCfg = Debug|Any CPU
		{2A15665A-66F1-4899-92C7-757E4F9B907A}.Debug|x64.Build.0 = Debug|Any CPU
		{2A15665A-66F1-4899-92C7-757E4F9B907A}.Debug|x86.ActiveCfg = Debug|Any CPU
		{2A15665A-66F1-4899-92C7-757E4F9B907A}.Debug|x86.Build.0 = Debug|Any CPU
		{2A15665A-66F1-4899-92C7-757E4F9B907A}.Release|Any CPU.ActiveCfg = Release|Any CPU
		{2A15665A-66F1-4899-92C7-757E4F9B907A}.Release|Any CPU.Build.0 = Release|Any CPU
		{2A15665A-66F1-4899-92C7-757E4F9B907A}.Release|x64.ActiveCfg = Release|Any CPU
		{2A15665A-66F1-4899-92C7-757E4F9B907A}.Release|x64.Build.0 = Release|Any CPU
		{2A15665A-66F1-4899-92C7-757E4F9B907A}.Release|x86.ActiveCfg = Release|Any CPU
		{2A15665A-66F1-4899-92C7-757E4F9B907A}.Release|x86.Build.0 = Release|Any CPU
		{4D198E57-5C9E-4D8B-B940-DB7BC7F72AE8}.Debug|Any CPU.ActiveCfg = Debug|Any CPU
		{4D198E57-5C9E-4D8B-B940-DB7BC7F72AE8}.Debug|Any CPU.Build.0 = Debug|Any CPU
		{4D198E57-5C9E-4D8B-B940-DB7BC7F72AE8}.Debug|x64.ActiveCfg = Debug|Any CPU
		{4D198E57-5C9E-4D8B-B940-DB7BC7F72AE8}.Debug|x64.Build.0 = Debug|Any CPU
		{4D198E57-5C9E-4D8B-B940-DB7BC7F72AE8}.Debug|x86.ActiveCfg = Debug|Any CPU
		{4D198E57-5C9E-4D8B-B940-DB7BC7F72AE8}.Debug|x86.Build.0 = Debug|Any CPU
		{4D198E57-5C9E-4D8B-B940-DB7BC7F72AE8}.Release|Any CPU.ActiveCfg = Release|Any CPU
		{4D198E57-5C9E-4D8B-B940-DB7BC7F72AE8}.Release|Any CPU.Build.0 = Release|Any CPU
		{4D198E57-5C9E-4D8B-B940-DB7BC7F72AE8}.Release|x64.ActiveCfg = Release|Any CPU
		{4D198E57-5C9E-4D8B-B940-DB7BC7F72AE8}.Release|x64.Build.0 = Release|Any CPU
		{4D198E57-5C9E-4D8B-B940-DB7BC7F72AE8}.Release|x86.ActiveCfg = Release|Any CPU
		{4D198E57-5C9E-4D8B-B940-DB7BC7F72AE8}.Release|x86.Build.0 = Release|Any CPU
		{322C6B1D-251E-4D6F-9623-5A163576DA11}.Debug|Any CPU.ActiveCfg = Debug|Any CPU
		{322C6B1D-251E-4D6F-9623-5A163576DA11}.Debug|Any CPU.Build.0 = Debug|Any CPU
		{322C6B1D-251E-4D6F-9623-5A163576DA11}.Debug|x64.ActiveCfg = Debug|Any CPU
		{322C6B1D-251E-4D6F-9623-5A163576DA11}.Debug|x64.Build.0 = Debug|Any CPU
		{322C6B1D-251E-4D6F-9623-5A163576DA11}.Debug|x86.ActiveCfg = Debug|Any CPU
		{322C6B1D-251E-4D6F-9623-5A163576DA11}.Debug|x86.Build.0 = Debug|Any CPU
		{322C6B1D-251E-4D6F-9623-5A163576DA11}.Release|Any CPU.ActiveCfg = Release|Any CPU
		{322C6B1D-251E-4D6F-9623-5A163576DA11}.Release|Any CPU.Build.0 = Release|Any CPU
		{322C6B1D-251E-4D6F-9623-5A163576DA11}.Release|x64.ActiveCfg = Release|Any CPU
		{322C6B1D-251E-4D6F-9623-5A163576DA11}.Release|x64.Build.0 = Release|Any CPU
		{322C6B1D-251E-4D6F-9623-5A163576DA11}.Release|x86.ActiveCfg = Release|Any CPU
		{322C6B1D-251E-4D6F-9623-5A163576DA11}.Release|x86.Build.0 = Release|Any CPU
		{31A12203-83A5-48D6-AD40-2AEFEA4757C9}.Debug|Any CPU.ActiveCfg = Debug|Any CPU
		{31A12203-83A5-48D6-AD40-2AEFEA4757C9}.Debug|Any CPU.Build.0 = Debug|Any CPU
		{31A12203-83A5-48D6-AD40-2AEFEA4757C9}.Debug|x64.ActiveCfg = Debug|Any CPU
		{31A12203-83A5-48D6-AD40-2AEFEA4757C9}.Debug|x64.Build.0 = Debug|Any CPU
		{31A12203-83A5-48D6-AD40-2AEFEA4757C9}.Debug|x86.ActiveCfg = Debug|Any CPU
		{31A12203-83A5-48D6-AD40-2AEFEA4757C9}.Debug|x86.Build.0 = Debug|Any CPU
		{31A12203-83A5-48D6-AD40-2AEFEA4757C9}.Release|Any CPU.ActiveCfg = Release|Any CPU
		{31A12203-83A5-48D6-AD40-2AEFEA4757C9}.Release|Any CPU.Build.0 = Release|Any CPU
		{31A12203-83A5-48D6-AD40-2AEFEA4757C9}.Release|x64.ActiveCfg = Release|Any CPU
		{31A12203-83A5-48D6-AD40-2AEFEA4757C9}.Release|x64.Build.0 = Release|Any CPU
		{31A12203-83A5-48D6-AD40-2AEFEA4757C9}.Release|x86.ActiveCfg = Release|Any CPU
		{31A12203-83A5-48D6-AD40-2AEFEA4757C9}.Release|x86.Build.0 = Release|Any CPU
		{AE378207-73B5-4898-9FE0-602CB428885D}.Debug|Any CPU.ActiveCfg = Debug|Any CPU
		{AE378207-73B5-4898-9FE0-602CB428885D}.Debug|Any CPU.Build.0 = Debug|Any CPU
		{AE378207-73B5-4898-9FE0-602CB428885D}.Debug|x64.ActiveCfg = Debug|Any CPU
		{AE378207-73B5-4898-9FE0-602CB428885D}.Debug|x64.Build.0 = Debug|Any CPU
		{AE378207-73B5-4898-9FE0-602CB428885D}.Debug|x86.ActiveCfg = Debug|Any CPU
		{AE378207-73B5-4898-9FE0-602CB428885D}.Debug|x86.Build.0 = Debug|Any CPU
		{AE378207-73B5-4898-9FE0-602CB428885D}.Release|Any CPU.ActiveCfg = Release|Any CPU
		{AE378207-73B5-4898-9FE0-602CB428885D}.Release|Any CPU.Build.0 = Release|Any CPU
		{AE378207-73B5-4898-9FE0-602CB428885D}.Release|x64.ActiveCfg = Release|Any CPU
		{AE378207-73B5-4898-9FE0-602CB428885D}.Release|x64.Build.0 = Release|Any CPU
		{AE378207-73B5-4898-9FE0-602CB428885D}.Release|x86.ActiveCfg = Release|Any CPU
		{AE378207-73B5-4898-9FE0-602CB428885D}.Release|x86.Build.0 = Release|Any CPU
		{5C7DECEB-E3D9-4570-A910-5BF379ADC777}.Debug|Any CPU.ActiveCfg = Debug|Any CPU
		{5C7DECEB-E3D9-4570-A910-5BF379ADC777}.Debug|Any CPU.Build.0 = Debug|Any CPU
		{5C7DECEB-E3D9-4570-A910-5BF379ADC777}.Debug|x64.ActiveCfg = Debug|Any CPU
		{5C7DECEB-E3D9-4570-A910-5BF379ADC777}.Debug|x64.Build.0 = Debug|Any CPU
		{5C7DECEB-E3D9-4570-A910-5BF379ADC777}.Debug|x86.ActiveCfg = Debug|Any CPU
		{5C7DECEB-E3D9-4570-A910-5BF379ADC777}.Debug|x86.Build.0 = Debug|Any CPU
		{5C7DECEB-E3D9-4570-A910-5BF379ADC777}.Release|Any CPU.ActiveCfg = Release|Any CPU
		{5C7DECEB-E3D9-4570-A910-5BF379ADC777}.Release|Any CPU.Build.0 = Release|Any CPU
		{5C7DECEB-E3D9-4570-A910-5BF379ADC777}.Release|x64.ActiveCfg = Release|Any CPU
		{5C7DECEB-E3D9-4570-A910-5BF379ADC777}.Release|x64.Build.0 = Release|Any CPU
		{5C7DECEB-E3D9-4570-A910-5BF379ADC777}.Release|x86.ActiveCfg = Release|Any CPU
		{5C7DECEB-E3D9-4570-A910-5BF379ADC777}.Release|x86.Build.0 = Release|Any CPU
		{6F33D3F1-2A03-4A7D-B923-495B9B906CE2}.Debug|Any CPU.ActiveCfg = Debug|Any CPU
		{6F33D3F1-2A03-4A7D-B923-495B9B906CE2}.Debug|Any CPU.Build.0 = Debug|Any CPU
		{6F33D3F1-2A03-4A7D-B923-495B9B906CE2}.Debug|x64.ActiveCfg = Debug|Any CPU
		{6F33D3F1-2A03-4A7D-B923-495B9B906CE2}.Debug|x64.Build.0 = Debug|Any CPU
		{6F33D3F1-2A03-4A7D-B923-495B9B906CE2}.Debug|x86.ActiveCfg = Debug|Any CPU
		{6F33D3F1-2A03-4A7D-B923-495B9B906CE2}.Debug|x86.Build.0 = Debug|Any CPU
		{6F33D3F1-2A03-4A7D-B923-495B9B906CE2}.Release|Any CPU.ActiveCfg = Release|Any CPU
		{6F33D3F1-2A03-4A7D-B923-495B9B906CE2}.Release|Any CPU.Build.0 = Release|Any CPU
		{6F33D3F1-2A03-4A7D-B923-495B9B906CE2}.Release|x64.ActiveCfg = Release|Any CPU
		{6F33D3F1-2A03-4A7D-B923-495B9B906CE2}.Release|x64.Build.0 = Release|Any CPU
		{6F33D3F1-2A03-4A7D-B923-495B9B906CE2}.Release|x86.ActiveCfg = Release|Any CPU
		{6F33D3F1-2A03-4A7D-B923-495B9B906CE2}.Release|x86.Build.0 = Release|Any CPU
		{E6370A57-3409-4438-9EC0-01A5241E15AE}.Debug|Any CPU.ActiveCfg = Debug|Any CPU
		{E6370A57-3409-4438-9EC0-01A5241E15AE}.Debug|Any CPU.Build.0 = Debug|Any CPU
		{E6370A57-3409-4438-9EC0-01A5241E15AE}.Debug|x64.ActiveCfg = Debug|Any CPU
		{E6370A57-3409-4438-9EC0-01A5241E15AE}.Debug|x64.Build.0 = Debug|Any CPU
		{E6370A57-3409-4438-9EC0-01A5241E15AE}.Debug|x86.ActiveCfg = Debug|Any CPU
		{E6370A57-3409-4438-9EC0-01A5241E15AE}.Debug|x86.Build.0 = Debug|Any CPU
		{E6370A57-3409-4438-9EC0-01A5241E15AE}.Release|Any CPU.ActiveCfg = Release|Any CPU
		{E6370A57-3409-4438-9EC0-01A5241E15AE}.Release|Any CPU.Build.0 = Release|Any CPU
		{E6370A57-3409-4438-9EC0-01A5241E15AE}.Release|x64.ActiveCfg = Release|Any CPU
		{E6370A57-3409-4438-9EC0-01A5241E15AE}.Release|x64.Build.0 = Release|Any CPU
		{E6370A57-3409-4438-9EC0-01A5241E15AE}.Release|x86.ActiveCfg = Release|Any CPU
		{E6370A57-3409-4438-9EC0-01A5241E15AE}.Release|x86.Build.0 = Release|Any CPU
		{17B5CA17-87CB-4768-B736-A069367A94D0}.Debug|Any CPU.ActiveCfg = Debug|Any CPU
		{17B5CA17-87CB-4768-B736-A069367A94D0}.Debug|Any CPU.Build.0 = Debug|Any CPU
		{17B5CA17-87CB-4768-B736-A069367A94D0}.Debug|x64.ActiveCfg = Debug|Any CPU
		{17B5CA17-87CB-4768-B736-A069367A94D0}.Debug|x64.Build.0 = Debug|Any CPU
		{17B5CA17-87CB-4768-B736-A069367A94D0}.Debug|x86.ActiveCfg = Debug|Any CPU
		{17B5CA17-87CB-4768-B736-A069367A94D0}.Debug|x86.Build.0 = Debug|Any CPU
		{17B5CA17-87CB-4768-B736-A069367A94D0}.Release|Any CPU.ActiveCfg = Release|Any CPU
		{17B5CA17-87CB-4768-B736-A069367A94D0}.Release|Any CPU.Build.0 = Release|Any CPU
		{17B5CA17-87CB-4768-B736-A069367A94D0}.Release|x64.ActiveCfg = Release|Any CPU
		{17B5CA17-87CB-4768-B736-A069367A94D0}.Release|x64.Build.0 = Release|Any CPU
		{17B5CA17-87CB-4768-B736-A069367A94D0}.Release|x86.ActiveCfg = Release|Any CPU
		{17B5CA17-87CB-4768-B736-A069367A94D0}.Release|x86.Build.0 = Release|Any CPU
		{38CE5DCC-1379-4713-8E5E-EEE84D91505C}.Debug|Any CPU.ActiveCfg = Debug|Any CPU
		{38CE5DCC-1379-4713-8E5E-EEE84D91505C}.Debug|Any CPU.Build.0 = Debug|Any CPU
		{38CE5DCC-1379-4713-8E5E-EEE84D91505C}.Debug|x64.ActiveCfg = Debug|Any CPU
		{38CE5DCC-1379-4713-8E5E-EEE84D91505C}.Debug|x64.Build.0 = Debug|Any CPU
		{38CE5DCC-1379-4713-8E5E-EEE84D91505C}.Debug|x86.ActiveCfg = Debug|Any CPU
		{38CE5DCC-1379-4713-8E5E-EEE84D91505C}.Debug|x86.Build.0 = Debug|Any CPU
		{38CE5DCC-1379-4713-8E5E-EEE84D91505C}.Release|Any CPU.ActiveCfg = Release|Any CPU
		{38CE5DCC-1379-4713-8E5E-EEE84D91505C}.Release|Any CPU.Build.0 = Release|Any CPU
		{38CE5DCC-1379-4713-8E5E-EEE84D91505C}.Release|x64.ActiveCfg = Release|Any CPU
		{38CE5DCC-1379-4713-8E5E-EEE84D91505C}.Release|x64.Build.0 = Release|Any CPU
		{38CE5DCC-1379-4713-8E5E-EEE84D91505C}.Release|x86.ActiveCfg = Release|Any CPU
		{38CE5DCC-1379-4713-8E5E-EEE84D91505C}.Release|x86.Build.0 = Release|Any CPU
		{99F189C9-890B-45A6-94BD-09AF4C9A6CBE}.Debug|Any CPU.ActiveCfg = Debug|Any CPU
		{99F189C9-890B-45A6-94BD-09AF4C9A6CBE}.Debug|Any CPU.Build.0 = Debug|Any CPU
		{99F189C9-890B-45A6-94BD-09AF4C9A6CBE}.Debug|x64.ActiveCfg = Debug|Any CPU
		{99F189C9-890B-45A6-94BD-09AF4C9A6CBE}.Debug|x64.Build.0 = Debug|Any CPU
		{99F189C9-890B-45A6-94BD-09AF4C9A6CBE}.Debug|x86.ActiveCfg = Debug|Any CPU
		{99F189C9-890B-45A6-94BD-09AF4C9A6CBE}.Debug|x86.Build.0 = Debug|Any CPU
		{99F189C9-890B-45A6-94BD-09AF4C9A6CBE}.Release|Any CPU.ActiveCfg = Release|Any CPU
		{99F189C9-890B-45A6-94BD-09AF4C9A6CBE}.Release|Any CPU.Build.0 = Release|Any CPU
		{99F189C9-890B-45A6-94BD-09AF4C9A6CBE}.Release|x64.ActiveCfg = Release|Any CPU
		{99F189C9-890B-45A6-94BD-09AF4C9A6CBE}.Release|x64.Build.0 = Release|Any CPU
		{99F189C9-890B-45A6-94BD-09AF4C9A6CBE}.Release|x86.ActiveCfg = Release|Any CPU
		{99F189C9-890B-45A6-94BD-09AF4C9A6CBE}.Release|x86.Build.0 = Release|Any CPU
		{13BA268F-6878-4157-89A2-8AD3DF190BBD}.Debug|Any CPU.ActiveCfg = Debug|Any CPU
		{13BA268F-6878-4157-89A2-8AD3DF190BBD}.Debug|Any CPU.Build.0 = Debug|Any CPU
		{13BA268F-6878-4157-89A2-8AD3DF190BBD}.Debug|x64.ActiveCfg = Debug|Any CPU
		{13BA268F-6878-4157-89A2-8AD3DF190BBD}.Debug|x64.Build.0 = Debug|Any CPU
		{13BA268F-6878-4157-89A2-8AD3DF190BBD}.Debug|x86.ActiveCfg = Debug|Any CPU
		{13BA268F-6878-4157-89A2-8AD3DF190BBD}.Debug|x86.Build.0 = Debug|Any CPU
		{13BA268F-6878-4157-89A2-8AD3DF190BBD}.Release|Any CPU.ActiveCfg = Release|Any CPU
		{13BA268F-6878-4157-89A2-8AD3DF190BBD}.Release|Any CPU.Build.0 = Release|Any CPU
		{13BA268F-6878-4157-89A2-8AD3DF190BBD}.Release|x64.ActiveCfg = Release|Any CPU
		{13BA268F-6878-4157-89A2-8AD3DF190BBD}.Release|x64.Build.0 = Release|Any CPU
		{13BA268F-6878-4157-89A2-8AD3DF190BBD}.Release|x86.ActiveCfg = Release|Any CPU
		{13BA268F-6878-4157-89A2-8AD3DF190BBD}.Release|x86.Build.0 = Release|Any CPU
		{FABDDA4F-D445-4DE8-8B4B-7E12266CEFE3}.Debug|Any CPU.ActiveCfg = Debug|Any CPU
		{FABDDA4F-D445-4DE8-8B4B-7E12266CEFE3}.Debug|Any CPU.Build.0 = Debug|Any CPU
		{FABDDA4F-D445-4DE8-8B4B-7E12266CEFE3}.Debug|x64.ActiveCfg = Debug|Any CPU
		{FABDDA4F-D445-4DE8-8B4B-7E12266CEFE3}.Debug|x64.Build.0 = Debug|Any CPU
		{FABDDA4F-D445-4DE8-8B4B-7E12266CEFE3}.Debug|x86.ActiveCfg = Debug|Any CPU
		{FABDDA4F-D445-4DE8-8B4B-7E12266CEFE3}.Debug|x86.Build.0 = Debug|Any CPU
		{FABDDA4F-D445-4DE8-8B4B-7E12266CEFE3}.Release|Any CPU.ActiveCfg = Release|Any CPU
		{FABDDA4F-D445-4DE8-8B4B-7E12266CEFE3}.Release|Any CPU.Build.0 = Release|Any CPU
		{FABDDA4F-D445-4DE8-8B4B-7E12266CEFE3}.Release|x64.ActiveCfg = Release|Any CPU
		{FABDDA4F-D445-4DE8-8B4B-7E12266CEFE3}.Release|x64.Build.0 = Release|Any CPU
		{FABDDA4F-D445-4DE8-8B4B-7E12266CEFE3}.Release|x86.ActiveCfg = Release|Any CPU
		{FABDDA4F-D445-4DE8-8B4B-7E12266CEFE3}.Release|x86.Build.0 = Release|Any CPU
		{506B9F3B-BF45-4AE1-B075-8B914D3BAA14}.Debug|Any CPU.ActiveCfg = Debug|Any CPU
		{506B9F3B-BF45-4AE1-B075-8B914D3BAA14}.Debug|Any CPU.Build.0 = Debug|Any CPU
		{506B9F3B-BF45-4AE1-B075-8B914D3BAA14}.Debug|x64.ActiveCfg = Debug|Any CPU
		{506B9F3B-BF45-4AE1-B075-8B914D3BAA14}.Debug|x64.Build.0 = Debug|Any CPU
		{506B9F3B-BF45-4AE1-B075-8B914D3BAA14}.Debug|x86.ActiveCfg = Debug|Any CPU
		{506B9F3B-BF45-4AE1-B075-8B914D3BAA14}.Debug|x86.Build.0 = Debug|Any CPU
		{506B9F3B-BF45-4AE1-B075-8B914D3BAA14}.Release|Any CPU.ActiveCfg = Release|Any CPU
		{506B9F3B-BF45-4AE1-B075-8B914D3BAA14}.Release|Any CPU.Build.0 = Release|Any CPU
		{506B9F3B-BF45-4AE1-B075-8B914D3BAA14}.Release|x64.ActiveCfg = Release|Any CPU
		{506B9F3B-BF45-4AE1-B075-8B914D3BAA14}.Release|x64.Build.0 = Release|Any CPU
		{506B9F3B-BF45-4AE1-B075-8B914D3BAA14}.Release|x86.ActiveCfg = Release|Any CPU
		{506B9F3B-BF45-4AE1-B075-8B914D3BAA14}.Release|x86.Build.0 = Release|Any CPU
		{7F8C71A2-7E9E-4C64-A1EC-5A43153CCBB7}.Debug|Any CPU.ActiveCfg = Debug|Any CPU
		{7F8C71A2-7E9E-4C64-A1EC-5A43153CCBB7}.Debug|Any CPU.Build.0 = Debug|Any CPU
		{7F8C71A2-7E9E-4C64-A1EC-5A43153CCBB7}.Debug|x64.ActiveCfg = Debug|Any CPU
		{7F8C71A2-7E9E-4C64-A1EC-5A43153CCBB7}.Debug|x64.Build.0 = Debug|Any CPU
		{7F8C71A2-7E9E-4C64-A1EC-5A43153CCBB7}.Debug|x86.ActiveCfg = Debug|Any CPU
		{7F8C71A2-7E9E-4C64-A1EC-5A43153CCBB7}.Debug|x86.Build.0 = Debug|Any CPU
		{7F8C71A2-7E9E-4C64-A1EC-5A43153CCBB7}.Release|Any CPU.ActiveCfg = Release|Any CPU
		{7F8C71A2-7E9E-4C64-A1EC-5A43153CCBB7}.Release|Any CPU.Build.0 = Release|Any CPU
		{7F8C71A2-7E9E-4C64-A1EC-5A43153CCBB7}.Release|x64.ActiveCfg = Release|Any CPU
		{7F8C71A2-7E9E-4C64-A1EC-5A43153CCBB7}.Release|x64.Build.0 = Release|Any CPU
		{7F8C71A2-7E9E-4C64-A1EC-5A43153CCBB7}.Release|x86.ActiveCfg = Release|Any CPU
		{7F8C71A2-7E9E-4C64-A1EC-5A43153CCBB7}.Release|x86.Build.0 = Release|Any CPU
		{432CCB41-69CA-48C6-A5CD-8E5DE823E95B}.Debug|Any CPU.ActiveCfg = Debug|Any CPU
		{432CCB41-69CA-48C6-A5CD-8E5DE823E95B}.Debug|Any CPU.Build.0 = Debug|Any CPU
		{432CCB41-69CA-48C6-A5CD-8E5DE823E95B}.Debug|x64.ActiveCfg = Debug|Any CPU
		{432CCB41-69CA-48C6-A5CD-8E5DE823E95B}.Debug|x64.Build.0 = Debug|Any CPU
		{432CCB41-69CA-48C6-A5CD-8E5DE823E95B}.Debug|x86.ActiveCfg = Debug|Any CPU
		{432CCB41-69CA-48C6-A5CD-8E5DE823E95B}.Debug|x86.Build.0 = Debug|Any CPU
		{432CCB41-69CA-48C6-A5CD-8E5DE823E95B}.Release|Any CPU.ActiveCfg = Release|Any CPU
		{432CCB41-69CA-48C6-A5CD-8E5DE823E95B}.Release|Any CPU.Build.0 = Release|Any CPU
		{432CCB41-69CA-48C6-A5CD-8E5DE823E95B}.Release|x64.ActiveCfg = Release|Any CPU
		{432CCB41-69CA-48C6-A5CD-8E5DE823E95B}.Release|x64.Build.0 = Release|Any CPU
		{432CCB41-69CA-48C6-A5CD-8E5DE823E95B}.Release|x86.ActiveCfg = Release|Any CPU
		{432CCB41-69CA-48C6-A5CD-8E5DE823E95B}.Release|x86.Build.0 = Release|Any CPU
		{08893239-C9E8-4B6E-B106-EBA4B906C656}.Debug|Any CPU.ActiveCfg = Debug|Any CPU
		{08893239-C9E8-4B6E-B106-EBA4B906C656}.Debug|Any CPU.Build.0 = Debug|Any CPU
		{08893239-C9E8-4B6E-B106-EBA4B906C656}.Debug|x64.ActiveCfg = Debug|Any CPU
		{08893239-C9E8-4B6E-B106-EBA4B906C656}.Debug|x64.Build.0 = Debug|Any CPU
		{08893239-C9E8-4B6E-B106-EBA4B906C656}.Debug|x86.ActiveCfg = Debug|Any CPU
		{08893239-C9E8-4B6E-B106-EBA4B906C656}.Debug|x86.Build.0 = Debug|Any CPU
		{08893239-C9E8-4B6E-B106-EBA4B906C656}.Release|Any CPU.ActiveCfg = Release|Any CPU
		{08893239-C9E8-4B6E-B106-EBA4B906C656}.Release|Any CPU.Build.0 = Release|Any CPU
		{08893239-C9E8-4B6E-B106-EBA4B906C656}.Release|x64.ActiveCfg = Release|Any CPU
		{08893239-C9E8-4B6E-B106-EBA4B906C656}.Release|x64.Build.0 = Release|Any CPU
		{08893239-C9E8-4B6E-B106-EBA4B906C656}.Release|x86.ActiveCfg = Release|Any CPU
		{08893239-C9E8-4B6E-B106-EBA4B906C656}.Release|x86.Build.0 = Release|Any CPU
		{ABE28F70-F059-43E2-8416-72FFE02B4B78}.Debug|Any CPU.ActiveCfg = Debug|Any CPU
		{ABE28F70-F059-43E2-8416-72FFE02B4B78}.Debug|Any CPU.Build.0 = Debug|Any CPU
		{ABE28F70-F059-43E2-8416-72FFE02B4B78}.Debug|x64.ActiveCfg = Debug|Any CPU
		{ABE28F70-F059-43E2-8416-72FFE02B4B78}.Debug|x64.Build.0 = Debug|Any CPU
		{ABE28F70-F059-43E2-8416-72FFE02B4B78}.Debug|x86.ActiveCfg = Debug|Any CPU
		{ABE28F70-F059-43E2-8416-72FFE02B4B78}.Debug|x86.Build.0 = Debug|Any CPU
		{ABE28F70-F059-43E2-8416-72FFE02B4B78}.Release|Any CPU.ActiveCfg = Release|Any CPU
		{ABE28F70-F059-43E2-8416-72FFE02B4B78}.Release|Any CPU.Build.0 = Release|Any CPU
		{ABE28F70-F059-43E2-8416-72FFE02B4B78}.Release|x64.ActiveCfg = Release|Any CPU
		{ABE28F70-F059-43E2-8416-72FFE02B4B78}.Release|x64.Build.0 = Release|Any CPU
		{ABE28F70-F059-43E2-8416-72FFE02B4B78}.Release|x86.ActiveCfg = Release|Any CPU
		{ABE28F70-F059-43E2-8416-72FFE02B4B78}.Release|x86.Build.0 = Release|Any CPU
		{78E3C895-FACB-4E2C-860C-574ABFEDE6F5}.Debug|Any CPU.ActiveCfg = Debug|Any CPU
		{78E3C895-FACB-4E2C-860C-574ABFEDE6F5}.Debug|Any CPU.Build.0 = Debug|Any CPU
		{78E3C895-FACB-4E2C-860C-574ABFEDE6F5}.Debug|x64.ActiveCfg = Debug|Any CPU
		{78E3C895-FACB-4E2C-860C-574ABFEDE6F5}.Debug|x64.Build.0 = Debug|Any CPU
		{78E3C895-FACB-4E2C-860C-574ABFEDE6F5}.Debug|x86.ActiveCfg = Debug|Any CPU
		{78E3C895-FACB-4E2C-860C-574ABFEDE6F5}.Debug|x86.Build.0 = Debug|Any CPU
		{78E3C895-FACB-4E2C-860C-574ABFEDE6F5}.Release|Any CPU.ActiveCfg = Release|Any CPU
		{78E3C895-FACB-4E2C-860C-574ABFEDE6F5}.Release|Any CPU.Build.0 = Release|Any CPU
		{78E3C895-FACB-4E2C-860C-574ABFEDE6F5}.Release|x64.ActiveCfg = Release|Any CPU
		{78E3C895-FACB-4E2C-860C-574ABFEDE6F5}.Release|x64.Build.0 = Release|Any CPU
		{78E3C895-FACB-4E2C-860C-574ABFEDE6F5}.Release|x86.ActiveCfg = Release|Any CPU
		{78E3C895-FACB-4E2C-860C-574ABFEDE6F5}.Release|x86.Build.0 = Release|Any CPU
		{40BEAE64-ABEB-4DF0-8B39-99E2982F6756}.Debug|Any CPU.ActiveCfg = Debug|Any CPU
		{40BEAE64-ABEB-4DF0-8B39-99E2982F6756}.Debug|Any CPU.Build.0 = Debug|Any CPU
		{40BEAE64-ABEB-4DF0-8B39-99E2982F6756}.Debug|x64.ActiveCfg = Debug|Any CPU
		{40BEAE64-ABEB-4DF0-8B39-99E2982F6756}.Debug|x64.Build.0 = Debug|Any CPU
		{40BEAE64-ABEB-4DF0-8B39-99E2982F6756}.Debug|x86.ActiveCfg = Debug|Any CPU
		{40BEAE64-ABEB-4DF0-8B39-99E2982F6756}.Debug|x86.Build.0 = Debug|Any CPU
		{40BEAE64-ABEB-4DF0-8B39-99E2982F6756}.Release|Any CPU.ActiveCfg = Release|Any CPU
		{40BEAE64-ABEB-4DF0-8B39-99E2982F6756}.Release|Any CPU.Build.0 = Release|Any CPU
		{40BEAE64-ABEB-4DF0-8B39-99E2982F6756}.Release|x64.ActiveCfg = Release|Any CPU
		{40BEAE64-ABEB-4DF0-8B39-99E2982F6756}.Release|x64.Build.0 = Release|Any CPU
		{40BEAE64-ABEB-4DF0-8B39-99E2982F6756}.Release|x86.ActiveCfg = Release|Any CPU
		{40BEAE64-ABEB-4DF0-8B39-99E2982F6756}.Release|x86.Build.0 = Release|Any CPU
		{767D67DA-7AA2-4665-BA28-91218E2B19F3}.Debug|Any CPU.ActiveCfg = Debug|Any CPU
		{767D67DA-7AA2-4665-BA28-91218E2B19F3}.Debug|Any CPU.Build.0 = Debug|Any CPU
		{767D67DA-7AA2-4665-BA28-91218E2B19F3}.Debug|x64.ActiveCfg = Debug|Any CPU
		{767D67DA-7AA2-4665-BA28-91218E2B19F3}.Debug|x64.Build.0 = Debug|Any CPU
		{767D67DA-7AA2-4665-BA28-91218E2B19F3}.Debug|x86.ActiveCfg = Debug|Any CPU
		{767D67DA-7AA2-4665-BA28-91218E2B19F3}.Debug|x86.Build.0 = Debug|Any CPU
		{767D67DA-7AA2-4665-BA28-91218E2B19F3}.Release|Any CPU.ActiveCfg = Release|Any CPU
		{767D67DA-7AA2-4665-BA28-91218E2B19F3}.Release|Any CPU.Build.0 = Release|Any CPU
		{767D67DA-7AA2-4665-BA28-91218E2B19F3}.Release|x64.ActiveCfg = Release|Any CPU
		{767D67DA-7AA2-4665-BA28-91218E2B19F3}.Release|x64.Build.0 = Release|Any CPU
		{767D67DA-7AA2-4665-BA28-91218E2B19F3}.Release|x86.ActiveCfg = Release|Any CPU
		{767D67DA-7AA2-4665-BA28-91218E2B19F3}.Release|x86.Build.0 = Release|Any CPU
		{C93363A8-B223-4897-BF34-1E7AC624B711}.Debug|Any CPU.ActiveCfg = Debug|Any CPU
		{C93363A8-B223-4897-BF34-1E7AC624B711}.Debug|Any CPU.Build.0 = Debug|Any CPU
		{C93363A8-B223-4897-BF34-1E7AC624B711}.Debug|x64.ActiveCfg = Debug|Any CPU
		{C93363A8-B223-4897-BF34-1E7AC624B711}.Debug|x64.Build.0 = Debug|Any CPU
		{C93363A8-B223-4897-BF34-1E7AC624B711}.Debug|x86.ActiveCfg = Debug|Any CPU
		{C93363A8-B223-4897-BF34-1E7AC624B711}.Debug|x86.Build.0 = Debug|Any CPU
		{C93363A8-B223-4897-BF34-1E7AC624B711}.Release|Any CPU.ActiveCfg = Release|Any CPU
		{C93363A8-B223-4897-BF34-1E7AC624B711}.Release|Any CPU.Build.0 = Release|Any CPU
		{C93363A8-B223-4897-BF34-1E7AC624B711}.Release|x64.ActiveCfg = Release|Any CPU
		{C93363A8-B223-4897-BF34-1E7AC624B711}.Release|x64.Build.0 = Release|Any CPU
		{C93363A8-B223-4897-BF34-1E7AC624B711}.Release|x86.ActiveCfg = Release|Any CPU
		{C93363A8-B223-4897-BF34-1E7AC624B711}.Release|x86.Build.0 = Release|Any CPU
		{26F9BE4E-EF5D-49A9-B8D4-3BE2139961A4}.Debug|Any CPU.ActiveCfg = Debug|Any CPU
		{26F9BE4E-EF5D-49A9-B8D4-3BE2139961A4}.Debug|Any CPU.Build.0 = Debug|Any CPU
		{26F9BE4E-EF5D-49A9-B8D4-3BE2139961A4}.Debug|x64.ActiveCfg = Debug|Any CPU
		{26F9BE4E-EF5D-49A9-B8D4-3BE2139961A4}.Debug|x64.Build.0 = Debug|Any CPU
		{26F9BE4E-EF5D-49A9-B8D4-3BE2139961A4}.Debug|x86.ActiveCfg = Debug|Any CPU
		{26F9BE4E-EF5D-49A9-B8D4-3BE2139961A4}.Debug|x86.Build.0 = Debug|Any CPU
		{26F9BE4E-EF5D-49A9-B8D4-3BE2139961A4}.Release|Any CPU.ActiveCfg = Release|Any CPU
		{26F9BE4E-EF5D-49A9-B8D4-3BE2139961A4}.Release|Any CPU.Build.0 = Release|Any CPU
		{26F9BE4E-EF5D-49A9-B8D4-3BE2139961A4}.Release|x64.ActiveCfg = Release|Any CPU
		{26F9BE4E-EF5D-49A9-B8D4-3BE2139961A4}.Release|x64.Build.0 = Release|Any CPU
		{26F9BE4E-EF5D-49A9-B8D4-3BE2139961A4}.Release|x86.ActiveCfg = Release|Any CPU
		{26F9BE4E-EF5D-49A9-B8D4-3BE2139961A4}.Release|x86.Build.0 = Release|Any CPU
		{00795A63-9E72-4929-8039-106959A828B6}.Debug|Any CPU.ActiveCfg = Debug|Any CPU
		{00795A63-9E72-4929-8039-106959A828B6}.Debug|Any CPU.Build.0 = Debug|Any CPU
		{00795A63-9E72-4929-8039-106959A828B6}.Debug|x64.ActiveCfg = Debug|Any CPU
		{00795A63-9E72-4929-8039-106959A828B6}.Debug|x64.Build.0 = Debug|Any CPU
		{00795A63-9E72-4929-8039-106959A828B6}.Debug|x86.ActiveCfg = Debug|Any CPU
		{00795A63-9E72-4929-8039-106959A828B6}.Debug|x86.Build.0 = Debug|Any CPU
		{00795A63-9E72-4929-8039-106959A828B6}.Release|Any CPU.ActiveCfg = Release|Any CPU
		{00795A63-9E72-4929-8039-106959A828B6}.Release|Any CPU.Build.0 = Release|Any CPU
		{00795A63-9E72-4929-8039-106959A828B6}.Release|x64.ActiveCfg = Release|Any CPU
		{00795A63-9E72-4929-8039-106959A828B6}.Release|x64.Build.0 = Release|Any CPU
		{00795A63-9E72-4929-8039-106959A828B6}.Release|x86.ActiveCfg = Release|Any CPU
		{00795A63-9E72-4929-8039-106959A828B6}.Release|x86.Build.0 = Release|Any CPU
		{477622A2-C567-4A77-97CF-4451136CBE14}.Debug|Any CPU.ActiveCfg = Debug|Any CPU
		{477622A2-C567-4A77-97CF-4451136CBE14}.Debug|Any CPU.Build.0 = Debug|Any CPU
		{477622A2-C567-4A77-97CF-4451136CBE14}.Debug|x64.ActiveCfg = Debug|Any CPU
		{477622A2-C567-4A77-97CF-4451136CBE14}.Debug|x64.Build.0 = Debug|Any CPU
		{477622A2-C567-4A77-97CF-4451136CBE14}.Debug|x86.ActiveCfg = Debug|Any CPU
		{477622A2-C567-4A77-97CF-4451136CBE14}.Debug|x86.Build.0 = Debug|Any CPU
		{477622A2-C567-4A77-97CF-4451136CBE14}.Release|Any CPU.ActiveCfg = Release|Any CPU
		{477622A2-C567-4A77-97CF-4451136CBE14}.Release|Any CPU.Build.0 = Release|Any CPU
		{477622A2-C567-4A77-97CF-4451136CBE14}.Release|x64.ActiveCfg = Release|Any CPU
		{477622A2-C567-4A77-97CF-4451136CBE14}.Release|x64.Build.0 = Release|Any CPU
		{477622A2-C567-4A77-97CF-4451136CBE14}.Release|x86.ActiveCfg = Release|Any CPU
		{477622A2-C567-4A77-97CF-4451136CBE14}.Release|x86.Build.0 = Release|Any CPU
		{678666FE-8743-42EE-8C61-916378AF096F}.Debug|Any CPU.ActiveCfg = Debug|Any CPU
		{678666FE-8743-42EE-8C61-916378AF096F}.Debug|Any CPU.Build.0 = Debug|Any CPU
		{678666FE-8743-42EE-8C61-916378AF096F}.Debug|x64.ActiveCfg = Debug|Any CPU
		{678666FE-8743-42EE-8C61-916378AF096F}.Debug|x64.Build.0 = Debug|Any CPU
		{678666FE-8743-42EE-8C61-916378AF096F}.Debug|x86.ActiveCfg = Debug|Any CPU
		{678666FE-8743-42EE-8C61-916378AF096F}.Debug|x86.Build.0 = Debug|Any CPU
		{678666FE-8743-42EE-8C61-916378AF096F}.Release|Any CPU.ActiveCfg = Release|Any CPU
		{678666FE-8743-42EE-8C61-916378AF096F}.Release|Any CPU.Build.0 = Release|Any CPU
		{678666FE-8743-42EE-8C61-916378AF096F}.Release|x64.ActiveCfg = Release|Any CPU
		{678666FE-8743-42EE-8C61-916378AF096F}.Release|x64.Build.0 = Release|Any CPU
		{678666FE-8743-42EE-8C61-916378AF096F}.Release|x86.ActiveCfg = Release|Any CPU
		{678666FE-8743-42EE-8C61-916378AF096F}.Release|x86.Build.0 = Release|Any CPU
		{38040343-29DA-407B-9B9A-E3BBCF6061F2}.Debug|Any CPU.ActiveCfg = Debug|Any CPU
		{38040343-29DA-407B-9B9A-E3BBCF6061F2}.Debug|Any CPU.Build.0 = Debug|Any CPU
		{38040343-29DA-407B-9B9A-E3BBCF6061F2}.Debug|x64.ActiveCfg = Debug|Any CPU
		{38040343-29DA-407B-9B9A-E3BBCF6061F2}.Debug|x64.Build.0 = Debug|Any CPU
		{38040343-29DA-407B-9B9A-E3BBCF6061F2}.Debug|x86.ActiveCfg = Debug|Any CPU
		{38040343-29DA-407B-9B9A-E3BBCF6061F2}.Debug|x86.Build.0 = Debug|Any CPU
		{38040343-29DA-407B-9B9A-E3BBCF6061F2}.Release|Any CPU.ActiveCfg = Release|Any CPU
		{38040343-29DA-407B-9B9A-E3BBCF6061F2}.Release|Any CPU.Build.0 = Release|Any CPU
		{38040343-29DA-407B-9B9A-E3BBCF6061F2}.Release|x64.ActiveCfg = Release|Any CPU
		{38040343-29DA-407B-9B9A-E3BBCF6061F2}.Release|x64.Build.0 = Release|Any CPU
		{38040343-29DA-407B-9B9A-E3BBCF6061F2}.Release|x86.ActiveCfg = Release|Any CPU
		{38040343-29DA-407B-9B9A-E3BBCF6061F2}.Release|x86.Build.0 = Release|Any CPU
		{CD0A1655-FD59-415C-85A8-41B90BE27BF1}.Debug|Any CPU.ActiveCfg = Debug|Any CPU
		{CD0A1655-FD59-415C-85A8-41B90BE27BF1}.Debug|Any CPU.Build.0 = Debug|Any CPU
		{CD0A1655-FD59-415C-85A8-41B90BE27BF1}.Debug|x64.ActiveCfg = Debug|Any CPU
		{CD0A1655-FD59-415C-85A8-41B90BE27BF1}.Debug|x64.Build.0 = Debug|Any CPU
		{CD0A1655-FD59-415C-85A8-41B90BE27BF1}.Debug|x86.ActiveCfg = Debug|Any CPU
		{CD0A1655-FD59-415C-85A8-41B90BE27BF1}.Debug|x86.Build.0 = Debug|Any CPU
		{CD0A1655-FD59-415C-85A8-41B90BE27BF1}.Release|Any CPU.ActiveCfg = Release|Any CPU
		{CD0A1655-FD59-415C-85A8-41B90BE27BF1}.Release|Any CPU.Build.0 = Release|Any CPU
		{CD0A1655-FD59-415C-85A8-41B90BE27BF1}.Release|x64.ActiveCfg = Release|Any CPU
		{CD0A1655-FD59-415C-85A8-41B90BE27BF1}.Release|x64.Build.0 = Release|Any CPU
		{CD0A1655-FD59-415C-85A8-41B90BE27BF1}.Release|x86.ActiveCfg = Release|Any CPU
		{CD0A1655-FD59-415C-85A8-41B90BE27BF1}.Release|x86.Build.0 = Release|Any CPU
		{73D25021-25D4-4758-A1C4-D218ABAFCF40}.Debug|Any CPU.ActiveCfg = Debug|Any CPU
		{73D25021-25D4-4758-A1C4-D218ABAFCF40}.Debug|Any CPU.Build.0 = Debug|Any CPU
		{73D25021-25D4-4758-A1C4-D218ABAFCF40}.Debug|x64.ActiveCfg = Debug|Any CPU
		{73D25021-25D4-4758-A1C4-D218ABAFCF40}.Debug|x64.Build.0 = Debug|Any CPU
		{73D25021-25D4-4758-A1C4-D218ABAFCF40}.Debug|x86.ActiveCfg = Debug|Any CPU
		{73D25021-25D4-4758-A1C4-D218ABAFCF40}.Debug|x86.Build.0 = Debug|Any CPU
		{73D25021-25D4-4758-A1C4-D218ABAFCF40}.Release|Any CPU.ActiveCfg = Release|Any CPU
		{73D25021-25D4-4758-A1C4-D218ABAFCF40}.Release|Any CPU.Build.0 = Release|Any CPU
		{73D25021-25D4-4758-A1C4-D218ABAFCF40}.Release|x64.ActiveCfg = Release|Any CPU
		{73D25021-25D4-4758-A1C4-D218ABAFCF40}.Release|x64.Build.0 = Release|Any CPU
		{73D25021-25D4-4758-A1C4-D218ABAFCF40}.Release|x86.ActiveCfg = Release|Any CPU
		{73D25021-25D4-4758-A1C4-D218ABAFCF40}.Release|x86.Build.0 = Release|Any CPU
		{6D03AD22-41D3-4CB8-A009-D749892B031F}.Debug|Any CPU.ActiveCfg = Debug|Any CPU
		{6D03AD22-41D3-4CB8-A009-D749892B031F}.Debug|Any CPU.Build.0 = Debug|Any CPU
		{6D03AD22-41D3-4CB8-A009-D749892B031F}.Debug|x64.ActiveCfg = Debug|Any CPU
		{6D03AD22-41D3-4CB8-A009-D749892B031F}.Debug|x64.Build.0 = Debug|Any CPU
		{6D03AD22-41D3-4CB8-A009-D749892B031F}.Debug|x86.ActiveCfg = Debug|Any CPU
		{6D03AD22-41D3-4CB8-A009-D749892B031F}.Debug|x86.Build.0 = Debug|Any CPU
		{6D03AD22-41D3-4CB8-A009-D749892B031F}.Release|Any CPU.ActiveCfg = Release|Any CPU
		{6D03AD22-41D3-4CB8-A009-D749892B031F}.Release|Any CPU.Build.0 = Release|Any CPU
		{6D03AD22-41D3-4CB8-A009-D749892B031F}.Release|x64.ActiveCfg = Release|Any CPU
		{6D03AD22-41D3-4CB8-A009-D749892B031F}.Release|x64.Build.0 = Release|Any CPU
		{6D03AD22-41D3-4CB8-A009-D749892B031F}.Release|x86.ActiveCfg = Release|Any CPU
		{6D03AD22-41D3-4CB8-A009-D749892B031F}.Release|x86.Build.0 = Release|Any CPU
		{14D5B195-D72B-4E29-BFB1-C43A433A3DB6}.Debug|Any CPU.ActiveCfg = Debug|Any CPU
		{14D5B195-D72B-4E29-BFB1-C43A433A3DB6}.Debug|Any CPU.Build.0 = Debug|Any CPU
		{14D5B195-D72B-4E29-BFB1-C43A433A3DB6}.Debug|x64.ActiveCfg = Debug|Any CPU
		{14D5B195-D72B-4E29-BFB1-C43A433A3DB6}.Debug|x64.Build.0 = Debug|Any CPU
		{14D5B195-D72B-4E29-BFB1-C43A433A3DB6}.Debug|x86.ActiveCfg = Debug|Any CPU
		{14D5B195-D72B-4E29-BFB1-C43A433A3DB6}.Debug|x86.Build.0 = Debug|Any CPU
		{14D5B195-D72B-4E29-BFB1-C43A433A3DB6}.Release|Any CPU.ActiveCfg = Release|Any CPU
		{14D5B195-D72B-4E29-BFB1-C43A433A3DB6}.Release|Any CPU.Build.0 = Release|Any CPU
		{14D5B195-D72B-4E29-BFB1-C43A433A3DB6}.Release|x64.ActiveCfg = Release|Any CPU
		{14D5B195-D72B-4E29-BFB1-C43A433A3DB6}.Release|x64.Build.0 = Release|Any CPU
		{14D5B195-D72B-4E29-BFB1-C43A433A3DB6}.Release|x86.ActiveCfg = Release|Any CPU
		{14D5B195-D72B-4E29-BFB1-C43A433A3DB6}.Release|x86.Build.0 = Release|Any CPU
		{5634F87B-AA8D-4BE6-8B88-A99E5E83D038}.Debug|Any CPU.ActiveCfg = Debug|Any CPU
		{5634F87B-AA8D-4BE6-8B88-A99E5E83D038}.Debug|Any CPU.Build.0 = Debug|Any CPU
		{5634F87B-AA8D-4BE6-8B88-A99E5E83D038}.Debug|x64.ActiveCfg = Debug|Any CPU
		{5634F87B-AA8D-4BE6-8B88-A99E5E83D038}.Debug|x64.Build.0 = Debug|Any CPU
		{5634F87B-AA8D-4BE6-8B88-A99E5E83D038}.Debug|x86.ActiveCfg = Debug|Any CPU
		{5634F87B-AA8D-4BE6-8B88-A99E5E83D038}.Debug|x86.Build.0 = Debug|Any CPU
		{5634F87B-AA8D-4BE6-8B88-A99E5E83D038}.Release|Any CPU.ActiveCfg = Release|Any CPU
		{5634F87B-AA8D-4BE6-8B88-A99E5E83D038}.Release|Any CPU.Build.0 = Release|Any CPU
		{5634F87B-AA8D-4BE6-8B88-A99E5E83D038}.Release|x64.ActiveCfg = Release|Any CPU
		{5634F87B-AA8D-4BE6-8B88-A99E5E83D038}.Release|x64.Build.0 = Release|Any CPU
		{5634F87B-AA8D-4BE6-8B88-A99E5E83D038}.Release|x86.ActiveCfg = Release|Any CPU
		{5634F87B-AA8D-4BE6-8B88-A99E5E83D038}.Release|x86.Build.0 = Release|Any CPU
		{11CF2999-BBE0-4BC5-B269-FAC4DC20A8C0}.Debug|Any CPU.ActiveCfg = Debug|Any CPU
		{11CF2999-BBE0-4BC5-B269-FAC4DC20A8C0}.Debug|Any CPU.Build.0 = Debug|Any CPU
		{11CF2999-BBE0-4BC5-B269-FAC4DC20A8C0}.Debug|x64.ActiveCfg = Debug|Any CPU
		{11CF2999-BBE0-4BC5-B269-FAC4DC20A8C0}.Debug|x64.Build.0 = Debug|Any CPU
		{11CF2999-BBE0-4BC5-B269-FAC4DC20A8C0}.Debug|x86.ActiveCfg = Debug|Any CPU
		{11CF2999-BBE0-4BC5-B269-FAC4DC20A8C0}.Debug|x86.Build.0 = Debug|Any CPU
		{11CF2999-BBE0-4BC5-B269-FAC4DC20A8C0}.Release|Any CPU.ActiveCfg = Release|Any CPU
		{11CF2999-BBE0-4BC5-B269-FAC4DC20A8C0}.Release|Any CPU.Build.0 = Release|Any CPU
		{11CF2999-BBE0-4BC5-B269-FAC4DC20A8C0}.Release|x64.ActiveCfg = Release|Any CPU
		{11CF2999-BBE0-4BC5-B269-FAC4DC20A8C0}.Release|x64.Build.0 = Release|Any CPU
		{11CF2999-BBE0-4BC5-B269-FAC4DC20A8C0}.Release|x86.ActiveCfg = Release|Any CPU
		{11CF2999-BBE0-4BC5-B269-FAC4DC20A8C0}.Release|x86.Build.0 = Release|Any CPU
		{3D1AA96C-3D55-415F-9078-24E75C393DAB}.Debug|Any CPU.ActiveCfg = Debug|Any CPU
		{3D1AA96C-3D55-415F-9078-24E75C393DAB}.Debug|Any CPU.Build.0 = Debug|Any CPU
		{3D1AA96C-3D55-415F-9078-24E75C393DAB}.Debug|x64.ActiveCfg = Debug|Any CPU
		{3D1AA96C-3D55-415F-9078-24E75C393DAB}.Debug|x64.Build.0 = Debug|Any CPU
		{3D1AA96C-3D55-415F-9078-24E75C393DAB}.Debug|x86.ActiveCfg = Debug|Any CPU
		{3D1AA96C-3D55-415F-9078-24E75C393DAB}.Debug|x86.Build.0 = Debug|Any CPU
		{3D1AA96C-3D55-415F-9078-24E75C393DAB}.Release|Any CPU.ActiveCfg = Release|Any CPU
		{3D1AA96C-3D55-415F-9078-24E75C393DAB}.Release|Any CPU.Build.0 = Release|Any CPU
		{3D1AA96C-3D55-415F-9078-24E75C393DAB}.Release|x64.ActiveCfg = Release|Any CPU
		{3D1AA96C-3D55-415F-9078-24E75C393DAB}.Release|x64.Build.0 = Release|Any CPU
		{3D1AA96C-3D55-415F-9078-24E75C393DAB}.Release|x86.ActiveCfg = Release|Any CPU
		{3D1AA96C-3D55-415F-9078-24E75C393DAB}.Release|x86.Build.0 = Release|Any CPU
		{75AE2CCB-8931-46B9-9FDA-C2E1FB79B9D9}.Debug|Any CPU.ActiveCfg = Debug|Any CPU
		{75AE2CCB-8931-46B9-9FDA-C2E1FB79B9D9}.Debug|Any CPU.Build.0 = Debug|Any CPU
		{75AE2CCB-8931-46B9-9FDA-C2E1FB79B9D9}.Debug|x64.ActiveCfg = Debug|Any CPU
		{75AE2CCB-8931-46B9-9FDA-C2E1FB79B9D9}.Debug|x64.Build.0 = Debug|Any CPU
		{75AE2CCB-8931-46B9-9FDA-C2E1FB79B9D9}.Debug|x86.ActiveCfg = Debug|Any CPU
		{75AE2CCB-8931-46B9-9FDA-C2E1FB79B9D9}.Debug|x86.Build.0 = Debug|Any CPU
		{75AE2CCB-8931-46B9-9FDA-C2E1FB79B9D9}.Release|Any CPU.ActiveCfg = Release|Any CPU
		{75AE2CCB-8931-46B9-9FDA-C2E1FB79B9D9}.Release|Any CPU.Build.0 = Release|Any CPU
		{75AE2CCB-8931-46B9-9FDA-C2E1FB79B9D9}.Release|x64.ActiveCfg = Release|Any CPU
		{75AE2CCB-8931-46B9-9FDA-C2E1FB79B9D9}.Release|x64.Build.0 = Release|Any CPU
		{75AE2CCB-8931-46B9-9FDA-C2E1FB79B9D9}.Release|x86.ActiveCfg = Release|Any CPU
		{75AE2CCB-8931-46B9-9FDA-C2E1FB79B9D9}.Release|x86.Build.0 = Release|Any CPU
		{AED388EB-7713-47D6-97DF-3F4D2BAF5452}.Debug|Any CPU.ActiveCfg = Debug|Any CPU
		{AED388EB-7713-47D6-97DF-3F4D2BAF5452}.Debug|Any CPU.Build.0 = Debug|Any CPU
		{AED388EB-7713-47D6-97DF-3F4D2BAF5452}.Debug|x64.ActiveCfg = Debug|Any CPU
		{AED388EB-7713-47D6-97DF-3F4D2BAF5452}.Debug|x64.Build.0 = Debug|Any CPU
		{AED388EB-7713-47D6-97DF-3F4D2BAF5452}.Debug|x86.ActiveCfg = Debug|Any CPU
		{AED388EB-7713-47D6-97DF-3F4D2BAF5452}.Debug|x86.Build.0 = Debug|Any CPU
		{AED388EB-7713-47D6-97DF-3F4D2BAF5452}.Release|Any CPU.ActiveCfg = Release|Any CPU
		{AED388EB-7713-47D6-97DF-3F4D2BAF5452}.Release|Any CPU.Build.0 = Release|Any CPU
		{AED388EB-7713-47D6-97DF-3F4D2BAF5452}.Release|x64.ActiveCfg = Release|Any CPU
		{AED388EB-7713-47D6-97DF-3F4D2BAF5452}.Release|x64.Build.0 = Release|Any CPU
		{AED388EB-7713-47D6-97DF-3F4D2BAF5452}.Release|x86.ActiveCfg = Release|Any CPU
		{AED388EB-7713-47D6-97DF-3F4D2BAF5452}.Release|x86.Build.0 = Release|Any CPU
		{8088A418-6324-42BF-9195-DE5E0192F60A}.Debug|Any CPU.ActiveCfg = Debug|Any CPU
		{8088A418-6324-42BF-9195-DE5E0192F60A}.Debug|Any CPU.Build.0 = Debug|Any CPU
		{8088A418-6324-42BF-9195-DE5E0192F60A}.Debug|x64.ActiveCfg = Debug|Any CPU
		{8088A418-6324-42BF-9195-DE5E0192F60A}.Debug|x64.Build.0 = Debug|Any CPU
		{8088A418-6324-42BF-9195-DE5E0192F60A}.Debug|x86.ActiveCfg = Debug|Any CPU
		{8088A418-6324-42BF-9195-DE5E0192F60A}.Debug|x86.Build.0 = Debug|Any CPU
		{8088A418-6324-42BF-9195-DE5E0192F60A}.Release|Any CPU.ActiveCfg = Release|Any CPU
		{8088A418-6324-42BF-9195-DE5E0192F60A}.Release|Any CPU.Build.0 = Release|Any CPU
		{8088A418-6324-42BF-9195-DE5E0192F60A}.Release|x64.ActiveCfg = Release|Any CPU
		{8088A418-6324-42BF-9195-DE5E0192F60A}.Release|x64.Build.0 = Release|Any CPU
		{8088A418-6324-42BF-9195-DE5E0192F60A}.Release|x86.ActiveCfg = Release|Any CPU
		{8088A418-6324-42BF-9195-DE5E0192F60A}.Release|x86.Build.0 = Release|Any CPU
		{B32A17B1-67E1-4BBB-B0FB-8F7FF4A88023}.Debug|Any CPU.ActiveCfg = Debug|Any CPU
		{B32A17B1-67E1-4BBB-B0FB-8F7FF4A88023}.Debug|Any CPU.Build.0 = Debug|Any CPU
		{B32A17B1-67E1-4BBB-B0FB-8F7FF4A88023}.Debug|x64.ActiveCfg = Debug|Any CPU
		{B32A17B1-67E1-4BBB-B0FB-8F7FF4A88023}.Debug|x64.Build.0 = Debug|Any CPU
		{B32A17B1-67E1-4BBB-B0FB-8F7FF4A88023}.Debug|x86.ActiveCfg = Debug|Any CPU
		{B32A17B1-67E1-4BBB-B0FB-8F7FF4A88023}.Debug|x86.Build.0 = Debug|Any CPU
		{B32A17B1-67E1-4BBB-B0FB-8F7FF4A88023}.Release|Any CPU.ActiveCfg = Release|Any CPU
		{B32A17B1-67E1-4BBB-B0FB-8F7FF4A88023}.Release|Any CPU.Build.0 = Release|Any CPU
		{B32A17B1-67E1-4BBB-B0FB-8F7FF4A88023}.Release|x64.ActiveCfg = Release|Any CPU
		{B32A17B1-67E1-4BBB-B0FB-8F7FF4A88023}.Release|x64.Build.0 = Release|Any CPU
		{B32A17B1-67E1-4BBB-B0FB-8F7FF4A88023}.Release|x86.ActiveCfg = Release|Any CPU
		{B32A17B1-67E1-4BBB-B0FB-8F7FF4A88023}.Release|x86.Build.0 = Release|Any CPU
		{A0184FD8-11FC-4064-84E6-C10944B981FB}.Debug|Any CPU.ActiveCfg = Debug|Any CPU
		{A0184FD8-11FC-4064-84E6-C10944B981FB}.Debug|Any CPU.Build.0 = Debug|Any CPU
		{A0184FD8-11FC-4064-84E6-C10944B981FB}.Debug|x64.ActiveCfg = Debug|Any CPU
		{A0184FD8-11FC-4064-84E6-C10944B981FB}.Debug|x64.Build.0 = Debug|Any CPU
		{A0184FD8-11FC-4064-84E6-C10944B981FB}.Debug|x86.ActiveCfg = Debug|Any CPU
		{A0184FD8-11FC-4064-84E6-C10944B981FB}.Debug|x86.Build.0 = Debug|Any CPU
		{A0184FD8-11FC-4064-84E6-C10944B981FB}.Release|Any CPU.ActiveCfg = Release|Any CPU
		{A0184FD8-11FC-4064-84E6-C10944B981FB}.Release|Any CPU.Build.0 = Release|Any CPU
		{A0184FD8-11FC-4064-84E6-C10944B981FB}.Release|x64.ActiveCfg = Release|Any CPU
		{A0184FD8-11FC-4064-84E6-C10944B981FB}.Release|x64.Build.0 = Release|Any CPU
		{A0184FD8-11FC-4064-84E6-C10944B981FB}.Release|x86.ActiveCfg = Release|Any CPU
		{A0184FD8-11FC-4064-84E6-C10944B981FB}.Release|x86.Build.0 = Release|Any CPU
		{429E4343-AA59-488A-8979-6DA4A6441783}.Debug|Any CPU.ActiveCfg = Debug|Any CPU
		{429E4343-AA59-488A-8979-6DA4A6441783}.Debug|Any CPU.Build.0 = Debug|Any CPU
		{429E4343-AA59-488A-8979-6DA4A6441783}.Debug|x64.ActiveCfg = Debug|Any CPU
		{429E4343-AA59-488A-8979-6DA4A6441783}.Debug|x64.Build.0 = Debug|Any CPU
		{429E4343-AA59-488A-8979-6DA4A6441783}.Debug|x86.ActiveCfg = Debug|Any CPU
		{429E4343-AA59-488A-8979-6DA4A6441783}.Debug|x86.Build.0 = Debug|Any CPU
		{429E4343-AA59-488A-8979-6DA4A6441783}.Release|Any CPU.ActiveCfg = Release|Any CPU
		{429E4343-AA59-488A-8979-6DA4A6441783}.Release|Any CPU.Build.0 = Release|Any CPU
		{429E4343-AA59-488A-8979-6DA4A6441783}.Release|x64.ActiveCfg = Release|Any CPU
		{429E4343-AA59-488A-8979-6DA4A6441783}.Release|x64.Build.0 = Release|Any CPU
		{429E4343-AA59-488A-8979-6DA4A6441783}.Release|x86.ActiveCfg = Release|Any CPU
		{429E4343-AA59-488A-8979-6DA4A6441783}.Release|x86.Build.0 = Release|Any CPU
		{062589B8-5EDC-434B-A223-61E331B0CF47}.Debug|Any CPU.ActiveCfg = Debug|Any CPU
		{062589B8-5EDC-434B-A223-61E331B0CF47}.Debug|Any CPU.Build.0 = Debug|Any CPU
		{062589B8-5EDC-434B-A223-61E331B0CF47}.Debug|x64.ActiveCfg = Debug|Any CPU
		{062589B8-5EDC-434B-A223-61E331B0CF47}.Debug|x64.Build.0 = Debug|Any CPU
		{062589B8-5EDC-434B-A223-61E331B0CF47}.Debug|x86.ActiveCfg = Debug|Any CPU
		{062589B8-5EDC-434B-A223-61E331B0CF47}.Debug|x86.Build.0 = Debug|Any CPU
		{062589B8-5EDC-434B-A223-61E331B0CF47}.Release|Any CPU.ActiveCfg = Release|Any CPU
		{062589B8-5EDC-434B-A223-61E331B0CF47}.Release|Any CPU.Build.0 = Release|Any CPU
		{062589B8-5EDC-434B-A223-61E331B0CF47}.Release|x64.ActiveCfg = Release|Any CPU
		{062589B8-5EDC-434B-A223-61E331B0CF47}.Release|x64.Build.0 = Release|Any CPU
		{062589B8-5EDC-434B-A223-61E331B0CF47}.Release|x86.ActiveCfg = Release|Any CPU
		{062589B8-5EDC-434B-A223-61E331B0CF47}.Release|x86.Build.0 = Release|Any CPU
		{58B71DF6-0832-49E3-A1DA-89C1DE314687}.Debug|Any CPU.ActiveCfg = Debug|Any CPU
		{58B71DF6-0832-49E3-A1DA-89C1DE314687}.Debug|Any CPU.Build.0 = Debug|Any CPU
		{58B71DF6-0832-49E3-A1DA-89C1DE314687}.Debug|x64.ActiveCfg = Debug|Any CPU
		{58B71DF6-0832-49E3-A1DA-89C1DE314687}.Debug|x64.Build.0 = Debug|Any CPU
		{58B71DF6-0832-49E3-A1DA-89C1DE314687}.Debug|x86.ActiveCfg = Debug|Any CPU
		{58B71DF6-0832-49E3-A1DA-89C1DE314687}.Debug|x86.Build.0 = Debug|Any CPU
		{58B71DF6-0832-49E3-A1DA-89C1DE314687}.Release|Any CPU.ActiveCfg = Release|Any CPU
		{58B71DF6-0832-49E3-A1DA-89C1DE314687}.Release|Any CPU.Build.0 = Release|Any CPU
		{58B71DF6-0832-49E3-A1DA-89C1DE314687}.Release|x64.ActiveCfg = Release|Any CPU
		{58B71DF6-0832-49E3-A1DA-89C1DE314687}.Release|x64.Build.0 = Release|Any CPU
		{58B71DF6-0832-49E3-A1DA-89C1DE314687}.Release|x86.ActiveCfg = Release|Any CPU
		{58B71DF6-0832-49E3-A1DA-89C1DE314687}.Release|x86.Build.0 = Release|Any CPU
		{2756FEFA-0908-49C5-9A5F-B36F9D96152D}.Debug|Any CPU.ActiveCfg = Debug|Any CPU
		{2756FEFA-0908-49C5-9A5F-B36F9D96152D}.Debug|Any CPU.Build.0 = Debug|Any CPU
		{2756FEFA-0908-49C5-9A5F-B36F9D96152D}.Debug|x64.ActiveCfg = Debug|Any CPU
		{2756FEFA-0908-49C5-9A5F-B36F9D96152D}.Debug|x64.Build.0 = Debug|Any CPU
		{2756FEFA-0908-49C5-9A5F-B36F9D96152D}.Debug|x86.ActiveCfg = Debug|Any CPU
		{2756FEFA-0908-49C5-9A5F-B36F9D96152D}.Debug|x86.Build.0 = Debug|Any CPU
		{2756FEFA-0908-49C5-9A5F-B36F9D96152D}.Release|Any CPU.ActiveCfg = Release|Any CPU
		{2756FEFA-0908-49C5-9A5F-B36F9D96152D}.Release|Any CPU.Build.0 = Release|Any CPU
		{2756FEFA-0908-49C5-9A5F-B36F9D96152D}.Release|x64.ActiveCfg = Release|Any CPU
		{2756FEFA-0908-49C5-9A5F-B36F9D96152D}.Release|x64.Build.0 = Release|Any CPU
		{2756FEFA-0908-49C5-9A5F-B36F9D96152D}.Release|x86.ActiveCfg = Release|Any CPU
		{2756FEFA-0908-49C5-9A5F-B36F9D96152D}.Release|x86.Build.0 = Release|Any CPU
		{C1A7D81E-7FFA-4536-98BC-6F59F97A5009}.Debug|Any CPU.ActiveCfg = Debug|Any CPU
		{C1A7D81E-7FFA-4536-98BC-6F59F97A5009}.Debug|Any CPU.Build.0 = Debug|Any CPU
		{C1A7D81E-7FFA-4536-98BC-6F59F97A5009}.Debug|x64.ActiveCfg = Debug|Any CPU
		{C1A7D81E-7FFA-4536-98BC-6F59F97A5009}.Debug|x64.Build.0 = Debug|Any CPU
		{C1A7D81E-7FFA-4536-98BC-6F59F97A5009}.Debug|x86.ActiveCfg = Debug|Any CPU
		{C1A7D81E-7FFA-4536-98BC-6F59F97A5009}.Debug|x86.Build.0 = Debug|Any CPU
		{C1A7D81E-7FFA-4536-98BC-6F59F97A5009}.Release|Any CPU.ActiveCfg = Release|Any CPU
		{C1A7D81E-7FFA-4536-98BC-6F59F97A5009}.Release|Any CPU.Build.0 = Release|Any CPU
		{C1A7D81E-7FFA-4536-98BC-6F59F97A5009}.Release|x64.ActiveCfg = Release|Any CPU
		{C1A7D81E-7FFA-4536-98BC-6F59F97A5009}.Release|x64.Build.0 = Release|Any CPU
		{C1A7D81E-7FFA-4536-98BC-6F59F97A5009}.Release|x86.ActiveCfg = Release|Any CPU
		{C1A7D81E-7FFA-4536-98BC-6F59F97A5009}.Release|x86.Build.0 = Release|Any CPU
		{61F476B1-FB92-4D33-BE58-F0B628E6C88F}.Debug|Any CPU.ActiveCfg = Debug|Any CPU
		{61F476B1-FB92-4D33-BE58-F0B628E6C88F}.Debug|Any CPU.Build.0 = Debug|Any CPU
		{61F476B1-FB92-4D33-BE58-F0B628E6C88F}.Debug|x64.ActiveCfg = Debug|Any CPU
		{61F476B1-FB92-4D33-BE58-F0B628E6C88F}.Debug|x64.Build.0 = Debug|Any CPU
		{61F476B1-FB92-4D33-BE58-F0B628E6C88F}.Debug|x86.ActiveCfg = Debug|Any CPU
		{61F476B1-FB92-4D33-BE58-F0B628E6C88F}.Debug|x86.Build.0 = Debug|Any CPU
		{61F476B1-FB92-4D33-BE58-F0B628E6C88F}.Release|Any CPU.ActiveCfg = Release|Any CPU
		{61F476B1-FB92-4D33-BE58-F0B628E6C88F}.Release|Any CPU.Build.0 = Release|Any CPU
		{61F476B1-FB92-4D33-BE58-F0B628E6C88F}.Release|x64.ActiveCfg = Release|Any CPU
		{61F476B1-FB92-4D33-BE58-F0B628E6C88F}.Release|x64.Build.0 = Release|Any CPU
		{61F476B1-FB92-4D33-BE58-F0B628E6C88F}.Release|x86.ActiveCfg = Release|Any CPU
		{61F476B1-FB92-4D33-BE58-F0B628E6C88F}.Release|x86.Build.0 = Release|Any CPU
		{409F12D2-B5B7-4D63-9C60-AEA702F2DD20}.Debug|Any CPU.ActiveCfg = Debug|Any CPU
		{409F12D2-B5B7-4D63-9C60-AEA702F2DD20}.Debug|Any CPU.Build.0 = Debug|Any CPU
		{409F12D2-B5B7-4D63-9C60-AEA702F2DD20}.Debug|x64.ActiveCfg = Debug|Any CPU
		{409F12D2-B5B7-4D63-9C60-AEA702F2DD20}.Debug|x64.Build.0 = Debug|Any CPU
		{409F12D2-B5B7-4D63-9C60-AEA702F2DD20}.Debug|x86.ActiveCfg = Debug|Any CPU
		{409F12D2-B5B7-4D63-9C60-AEA702F2DD20}.Debug|x86.Build.0 = Debug|Any CPU
		{409F12D2-B5B7-4D63-9C60-AEA702F2DD20}.Release|Any CPU.ActiveCfg = Release|Any CPU
		{409F12D2-B5B7-4D63-9C60-AEA702F2DD20}.Release|Any CPU.Build.0 = Release|Any CPU
		{409F12D2-B5B7-4D63-9C60-AEA702F2DD20}.Release|x64.ActiveCfg = Release|Any CPU
		{409F12D2-B5B7-4D63-9C60-AEA702F2DD20}.Release|x64.Build.0 = Release|Any CPU
		{409F12D2-B5B7-4D63-9C60-AEA702F2DD20}.Release|x86.ActiveCfg = Release|Any CPU
		{409F12D2-B5B7-4D63-9C60-AEA702F2DD20}.Release|x86.Build.0 = Release|Any CPU
		{65E6E784-B4C3-47BE-ABD5-566F1C4F3B40}.Debug|Any CPU.ActiveCfg = Debug|Any CPU
		{65E6E784-B4C3-47BE-ABD5-566F1C4F3B40}.Debug|Any CPU.Build.0 = Debug|Any CPU
		{65E6E784-B4C3-47BE-ABD5-566F1C4F3B40}.Debug|x64.ActiveCfg = Debug|Any CPU
		{65E6E784-B4C3-47BE-ABD5-566F1C4F3B40}.Debug|x64.Build.0 = Debug|Any CPU
		{65E6E784-B4C3-47BE-ABD5-566F1C4F3B40}.Debug|x86.ActiveCfg = Debug|Any CPU
		{65E6E784-B4C3-47BE-ABD5-566F1C4F3B40}.Debug|x86.Build.0 = Debug|Any CPU
		{65E6E784-B4C3-47BE-ABD5-566F1C4F3B40}.Release|Any CPU.ActiveCfg = Release|Any CPU
		{65E6E784-B4C3-47BE-ABD5-566F1C4F3B40}.Release|Any CPU.Build.0 = Release|Any CPU
		{65E6E784-B4C3-47BE-ABD5-566F1C4F3B40}.Release|x64.ActiveCfg = Release|Any CPU
		{65E6E784-B4C3-47BE-ABD5-566F1C4F3B40}.Release|x64.Build.0 = Release|Any CPU
		{65E6E784-B4C3-47BE-ABD5-566F1C4F3B40}.Release|x86.ActiveCfg = Release|Any CPU
		{65E6E784-B4C3-47BE-ABD5-566F1C4F3B40}.Release|x86.Build.0 = Release|Any CPU
	EndGlobalSection
	GlobalSection(SolutionProperties) = preSolution
		HideSolutionNode = FALSE
	EndGlobalSection
	GlobalSection(NestedProjects) = preSolution
		{322C6B1D-251E-4D6F-9623-5A163576DA11} = {827E0CD3-B72D-47B6-A68D-7590B98EB39B}
		{31A12203-83A5-48D6-AD40-2AEFEA4757C9} = {827E0CD3-B72D-47B6-A68D-7590B98EB39B}
		{AE378207-73B5-4898-9FE0-602CB428885D} = {827E0CD3-B72D-47B6-A68D-7590B98EB39B}
		{5C7DECEB-E3D9-4570-A910-5BF379ADC777} = {827E0CD3-B72D-47B6-A68D-7590B98EB39B}
		{6F33D3F1-2A03-4A7D-B923-495B9B906CE2} = {827E0CD3-B72D-47B6-A68D-7590B98EB39B}
		{E6370A57-3409-4438-9EC0-01A5241E15AE} = {0AB3BF05-4346-4AA6-1389-037BE0695223}
		{17B5CA17-87CB-4768-B736-A069367A94D0} = {0AB3BF05-4346-4AA6-1389-037BE0695223}
		{38CE5DCC-1379-4713-8E5E-EEE84D91505C} = {0AB3BF05-4346-4AA6-1389-037BE0695223}
		{99F189C9-890B-45A6-94BD-09AF4C9A6CBE} = {0AB3BF05-4346-4AA6-1389-037BE0695223}
		{13BA268F-6878-4157-89A2-8AD3DF190BBD} = {0AB3BF05-4346-4AA6-1389-037BE0695223}
		{FABDDA4F-D445-4DE8-8B4B-7E12266CEFE3} = {827E0CD3-B72D-47B6-A68D-7590B98EB39B}
		{506B9F3B-BF45-4AE1-B075-8B914D3BAA14} = {0AB3BF05-4346-4AA6-1389-037BE0695223}
		{7F8C71A2-7E9E-4C64-A1EC-5A43153CCBB7} = {0AB3BF05-4346-4AA6-1389-037BE0695223}
		{432CCB41-69CA-48C6-A5CD-8E5DE823E95B} = {0AB3BF05-4346-4AA6-1389-037BE0695223}
		{08893239-C9E8-4B6E-B106-EBA4B906C656} = {0AB3BF05-4346-4AA6-1389-037BE0695223}
		{ABE28F70-F059-43E2-8416-72FFE02B4B78} = {827E0CD3-B72D-47B6-A68D-7590B98EB39B}
		{78E3C895-FACB-4E2C-860C-574ABFEDE6F5} = {0AB3BF05-4346-4AA6-1389-037BE0695223}
		{40BEAE64-ABEB-4DF0-8B39-99E2982F6756} = {827E0CD3-B72D-47B6-A68D-7590B98EB39B}
		{767D67DA-7AA2-4665-BA28-91218E2B19F3} = {0AB3BF05-4346-4AA6-1389-037BE0695223}
		{C93363A8-B223-4897-BF34-1E7AC624B711} = {827E0CD3-B72D-47B6-A68D-7590B98EB39B}
		{26F9BE4E-EF5D-49A9-B8D4-3BE2139961A4} = {0AB3BF05-4346-4AA6-1389-037BE0695223}
		{00795A63-9E72-4929-8039-106959A828B6} = {827E0CD3-B72D-47B6-A68D-7590B98EB39B}
		{477622A2-C567-4A77-97CF-4451136CBE14} = {0AB3BF05-4346-4AA6-1389-037BE0695223}
		{678666FE-8743-42EE-8C61-916378AF096F} = {827E0CD3-B72D-47B6-A68D-7590B98EB39B}
		{38040343-29DA-407B-9B9A-E3BBCF6061F2} = {0AB3BF05-4346-4AA6-1389-037BE0695223}
		{CD0A1655-FD59-415C-85A8-41B90BE27BF1} = {827E0CD3-B72D-47B6-A68D-7590B98EB39B}
		{73D25021-25D4-4758-A1C4-D218ABAFCF40} = {0AB3BF05-4346-4AA6-1389-037BE0695223}
		{6D03AD22-41D3-4CB8-A009-D749892B031F} = {827E0CD3-B72D-47B6-A68D-7590B98EB39B}
		{14D5B195-D72B-4E29-BFB1-C43A433A3DB6} = {0AB3BF05-4346-4AA6-1389-037BE0695223}
		{5634F87B-AA8D-4BE6-8B88-A99E5E83D038} = {827E0CD3-B72D-47B6-A68D-7590B98EB39B}
		{11CF2999-BBE0-4BC5-B269-FAC4DC20A8C0} = {0AB3BF05-4346-4AA6-1389-037BE0695223}
		{3D1AA96C-3D55-415F-9078-24E75C393DAB} = {827E0CD3-B72D-47B6-A68D-7590B98EB39B}
		{75AE2CCB-8931-46B9-9FDA-C2E1FB79B9D9} = {0AB3BF05-4346-4AA6-1389-037BE0695223}
		{AED388EB-7713-47D6-97DF-3F4D2BAF5452} = {827E0CD3-B72D-47B6-A68D-7590B98EB39B}
		{8088A418-6324-42BF-9195-DE5E0192F60A} = {0AB3BF05-4346-4AA6-1389-037BE0695223}
		{B32A17B1-67E1-4BBB-B0FB-8F7FF4A88023} = {827E0CD3-B72D-47B6-A68D-7590B98EB39B}
		{A0184FD8-11FC-4064-84E6-C10944B981FB} = {0AB3BF05-4346-4AA6-1389-037BE0695223}
		{429E4343-AA59-488A-8979-6DA4A6441783} = {827E0CD3-B72D-47B6-A68D-7590B98EB39B}
		{062589B8-5EDC-434B-A223-61E331B0CF47} = {0AB3BF05-4346-4AA6-1389-037BE0695223}
		{58B71DF6-0832-49E3-A1DA-89C1DE314687} = {827E0CD3-B72D-47B6-A68D-7590B98EB39B}
		{2756FEFA-0908-49C5-9A5F-B36F9D96152D} = {0AB3BF05-4346-4AA6-1389-037BE0695223}
		{C1A7D81E-7FFA-4536-98BC-6F59F97A5009} = {827E0CD3-B72D-47B6-A68D-7590B98EB39B}
		{61F476B1-FB92-4D33-BE58-F0B628E6C88F} = {0AB3BF05-4346-4AA6-1389-037BE0695223}
		{409F12D2-B5B7-4D63-9C60-AEA702F2DD20} = {827E0CD3-B72D-47B6-A68D-7590B98EB39B}
		{65E6E784-B4C3-47BE-ABD5-566F1C4F3B40} = {0AB3BF05-4346-4AA6-1389-037BE0695223}
	EndGlobalSection
EndGlobal
